// !$*UTF8*$!
{
	archiveVersion = 1;
	classes = {
	};
	objectVersion = 55;
	objects = {

/* Begin PBXBuildFile section */
		7DCBE3375D14AC1DE7D4714D /* Pods_Autocrypt_AutocryptUITests.framework in Frameworks */ = {isa = PBXBuildFile; fileRef = 6D3921C7CB9D8AFAB300D73E /* Pods_Autocrypt_AutocryptUITests.framework */; };
		A399D3D039D3399B73983B30 /* Pods_Autocrypt.framework in Frameworks */ = {isa = PBXBuildFile; fileRef = 52DDAFC5610CE8CA2DA06DF1 /* Pods_Autocrypt.framework */; };
		EA3275F729055ED6004480F7 /* Storage.swift in Sources */ = {isa = PBXBuildFile; fileRef = EA3275F629055ED6004480F7 /* Storage.swift */; };
		EA3275F92905AE5A004480F7 /* SpyVaccinationRepository.swift in Sources */ = {isa = PBXBuildFile; fileRef = EA3275F82905AE5A004480F7 /* SpyVaccinationRepository.swift */; };
		EA3275FB2905B017004480F7 /* VaccinationListViewModelTests.swift in Sources */ = {isa = PBXBuildFile; fileRef = EA3275FA2905B017004480F7 /* VaccinationListViewModelTests.swift */; };
		EA3275FD2905C41E004480F7 /* VaccinationDetailViewModelTests.swift in Sources */ = {isa = PBXBuildFile; fileRef = EA3275FC2905C41E004480F7 /* VaccinationDetailViewModelTests.swift */; };
		EA3275FF2905C73B004480F7 /* VaccinationMapViewModelTests.swift in Sources */ = {isa = PBXBuildFile; fileRef = EA3275FE2905C73B004480F7 /* VaccinationMapViewModelTests.swift */; };
		EA3276012905C9B2004480F7 /* LocationManager.swift in Sources */ = {isa = PBXBuildFile; fileRef = EA3276002905C9B2004480F7 /* LocationManager.swift */; };
		EA3276032905CEAA004480F7 /* SpyLocationManager.swift in Sources */ = {isa = PBXBuildFile; fileRef = EA3276022905CEAA004480F7 /* SpyLocationManager.swift */; };
		EA3EDD55290502BE006B0026 /* VaccinationMapViewModel.swift in Sources */ = {isa = PBXBuildFile; fileRef = EA3EDD54290502BE006B0026 /* VaccinationMapViewModel.swift */; };
		EA3FA50729026BF900F3B1D8 /* AppDelegate.swift in Sources */ = {isa = PBXBuildFile; fileRef = EA3FA50629026BF900F3B1D8 /* AppDelegate.swift */; };
		EA3FA50929026BF900F3B1D8 /* SceneDelegate.swift in Sources */ = {isa = PBXBuildFile; fileRef = EA3FA50829026BF900F3B1D8 /* SceneDelegate.swift */; };
		EA3FA50B29026BF900F3B1D8 /* VaccinationListViewController.swift in Sources */ = {isa = PBXBuildFile; fileRef = EA3FA50A29026BF900F3B1D8 /* VaccinationListViewController.swift */; };
		EA3FA51029026BF900F3B1D8 /* Assets.xcassets in Resources */ = {isa = PBXBuildFile; fileRef = EA3FA50F29026BF900F3B1D8 /* Assets.xcassets */; };
		EA3FA51E29026BFA00F3B1D8 /* NetworkProviderTests.swift in Sources */ = {isa = PBXBuildFile; fileRef = EA3FA51D29026BFA00F3B1D8 /* NetworkProviderTests.swift */; };
		EA3FA53F2902703400F3B1D8 /* NetworkError.swift in Sources */ = {isa = PBXBuildFile; fileRef = EA3FA53E2902703400F3B1D8 /* NetworkError.swift */; };
		EA3FA5412902704000F3B1D8 /* Encodable+extension.swift in Sources */ = {isa = PBXBuildFile; fileRef = EA3FA5402902704000F3B1D8 /* Encodable+extension.swift */; };
		EA3FA5432902704B00F3B1D8 /* HttpMethod.swift in Sources */ = {isa = PBXBuildFile; fileRef = EA3FA5422902704B00F3B1D8 /* HttpMethod.swift */; };
		EA3FA5452902705500F3B1D8 /* RequestResponsable.swift in Sources */ = {isa = PBXBuildFile; fileRef = EA3FA5442902705500F3B1D8 /* RequestResponsable.swift */; };
		EA3FA5472902707300F3B1D8 /* VaccinationListRequestModel.swift in Sources */ = {isa = PBXBuildFile; fileRef = EA3FA5462902707300F3B1D8 /* VaccinationListRequestModel.swift */; };
		EA3FA5492902707F00F3B1D8 /* VaccinationCenterList.swift in Sources */ = {isa = PBXBuildFile; fileRef = EA3FA5482902707F00F3B1D8 /* VaccinationCenterList.swift */; };
		EA3FA54B2902717E00F3B1D8 /* URLSessionable.swift in Sources */ = {isa = PBXBuildFile; fileRef = EA3FA54A2902717E00F3B1D8 /* URLSessionable.swift */; };
		EA3FA54D2902719900F3B1D8 /* NetworkProvider.swift in Sources */ = {isa = PBXBuildFile; fileRef = EA3FA54C2902719900F3B1D8 /* NetworkProvider.swift */; };
		EA3FA5502902727300F3B1D8 /* Endpoint.swift in Sources */ = {isa = PBXBuildFile; fileRef = EA3FA54F2902727300F3B1D8 /* Endpoint.swift */; };
		EA3FA5522902728B00F3B1D8 /* EndpointGenerator.swift in Sources */ = {isa = PBXBuildFile; fileRef = EA3FA5512902728B00F3B1D8 /* EndpointGenerator.swift */; };
		EA3FA55A290289BA00F3B1D8 /* StubURLSession.swift in Sources */ = {isa = PBXBuildFile; fileRef = EA3FA558290289AC00F3B1D8 /* StubURLSession.swift */; };
		EA3FA55B290289BD00F3B1D8 /* StubURLSessionDataTask.swift in Sources */ = {isa = PBXBuildFile; fileRef = EA3FA5562902898E00F3B1D8 /* StubURLSessionDataTask.swift */; };
		EA3FA55C290289C000F3B1D8 /* StubResponse.swift in Sources */ = {isa = PBXBuildFile; fileRef = EA3FA5542902893900F3B1D8 /* StubResponse.swift */; };
		EA3FA5612902915000F3B1D8 /* VaccinationListViewModel.swift in Sources */ = {isa = PBXBuildFile; fileRef = EA3FA5602902915000F3B1D8 /* VaccinationListViewModel.swift */; };
		EA3FA5642902936C00F3B1D8 /* VaccinationRepository.swift in Sources */ = {isa = PBXBuildFile; fileRef = EA3FA5632902936C00F3B1D8 /* VaccinationRepository.swift */; };
		EA3FA5672902989500F3B1D8 /* ViewModelType.swift in Sources */ = {isa = PBXBuildFile; fileRef = EA3FA5662902989500F3B1D8 /* ViewModelType.swift */; };
		EA3FA56A29029F6500F3B1D8 /* RxCocoa+extension.swift in Sources */ = {isa = PBXBuildFile; fileRef = EA3FA56929029F6500F3B1D8 /* RxCocoa+extension.swift */; };
		EA3FA56C2902A2C800F3B1D8 /* VaccinationListTableViewCell.swift in Sources */ = {isa = PBXBuildFile; fileRef = EA3FA56B2902A2C800F3B1D8 /* VaccinationListTableViewCell.swift */; };
		EA3FA56E2902A30600F3B1D8 /* UITableView+extension.swift in Sources */ = {isa = PBXBuildFile; fileRef = EA3FA56D2902A30600F3B1D8 /* UITableView+extension.swift */; };
		EA3FA5722902BE9400F3B1D8 /* UILabel+extension.swift in Sources */ = {isa = PBXBuildFile; fileRef = EA3FA5712902BE9400F3B1D8 /* UILabel+extension.swift */; };
		EA3FA59B29038D9200F3B1D8 /* VaccinationDetailViewController.swift in Sources */ = {isa = PBXBuildFile; fileRef = EA3FA59A29038D9200F3B1D8 /* VaccinationDetailViewController.swift */; };
		EA3FA59D290396C100F3B1D8 /* VaccinationDetailInfoView.swift in Sources */ = {isa = PBXBuildFile; fileRef = EA3FA59C290396C100F3B1D8 /* VaccinationDetailInfoView.swift */; };
		EA3FA5A42903C76000F3B1D8 /* AppCoordinator.swift in Sources */ = {isa = PBXBuildFile; fileRef = EA3FA5A32903C76000F3B1D8 /* AppCoordinator.swift */; };
		EA3FA5A62903CF8A00F3B1D8 /* VaccinationListCoordinator.swift in Sources */ = {isa = PBXBuildFile; fileRef = EA3FA5A52903CF8A00F3B1D8 /* VaccinationListCoordinator.swift */; };
		EA3FA5A82903FF0700F3B1D8 /* VaccinationDetailCoordinator.swift in Sources */ = {isa = PBXBuildFile; fileRef = EA3FA5A72903FF0700F3B1D8 /* VaccinationDetailCoordinator.swift */; };
		EA3FA5AA29040E9900F3B1D8 /* VaccinationDetailViewModel.swift in Sources */ = {isa = PBXBuildFile; fileRef = EA3FA5A929040E9900F3B1D8 /* VaccinationDetailViewModel.swift */; };
		EA3FA5B129043E3F00F3B1D8 /* VaccinationMapViewController.swift in Sources */ = {isa = PBXBuildFile; fileRef = EA3FA5B029043E3F00F3B1D8 /* VaccinationMapViewController.swift */; };
		EA3FA5B329043EB000F3B1D8 /* VaccinationMapCoordinator.swift in Sources */ = {isa = PBXBuildFile; fileRef = EA3FA5B229043EB000F3B1D8 /* VaccinationMapCoordinator.swift */; };
		EB749528A7A82B3F5F1CF204 /* Pods_AutocryptTests.framework in Frameworks */ = {isa = PBXBuildFile; fileRef = E50B10A4215E3FA94E568EAD /* Pods_AutocryptTests.framework */; };
/* End PBXBuildFile section */

/* Begin PBXContainerItemProxy section */
		EA3FA51A29026BF900F3B1D8 /* PBXContainerItemProxy */ = {
			isa = PBXContainerItemProxy;
			containerPortal = EA3FA4FB29026BF900F3B1D8 /* Project object */;
			proxyType = 1;
			remoteGlobalIDString = EA3FA50229026BF900F3B1D8;
			remoteInfo = Autocrypt;
		};
		EA3FA52429026BFA00F3B1D8 /* PBXContainerItemProxy */ = {
			isa = PBXContainerItemProxy;
			containerPortal = EA3FA4FB29026BF900F3B1D8 /* Project object */;
			proxyType = 1;
			remoteGlobalIDString = EA3FA50229026BF900F3B1D8;
			remoteInfo = Autocrypt;
		};
/* End PBXContainerItemProxy section */

/* Begin PBXFileReference section */
		033FF083078DA305CA3CF767 /* Pods-Autocrypt.release.xcconfig */ = {isa = PBXFileReference; includeInIndex = 1; lastKnownFileType = text.xcconfig; name = "Pods-Autocrypt.release.xcconfig"; path = "Target Support Files/Pods-Autocrypt/Pods-Autocrypt.release.xcconfig"; sourceTree = "<group>"; };
		44E5592970812AB93A5B6391 /* Pods-AutocryptTests.release.xcconfig */ = {isa = PBXFileReference; includeInIndex = 1; lastKnownFileType = text.xcconfig; name = "Pods-AutocryptTests.release.xcconfig"; path = "Target Support Files/Pods-AutocryptTests/Pods-AutocryptTests.release.xcconfig"; sourceTree = "<group>"; };
		52DDAFC5610CE8CA2DA06DF1 /* Pods_Autocrypt.framework */ = {isa = PBXFileReference; explicitFileType = wrapper.framework; includeInIndex = 0; path = Pods_Autocrypt.framework; sourceTree = BUILT_PRODUCTS_DIR; };
		602BA0CAF4CD2E8C9578BA62 /* Pods-Autocrypt-AutocryptUITests.release.xcconfig */ = {isa = PBXFileReference; includeInIndex = 1; lastKnownFileType = text.xcconfig; name = "Pods-Autocrypt-AutocryptUITests.release.xcconfig"; path = "Target Support Files/Pods-Autocrypt-AutocryptUITests/Pods-Autocrypt-AutocryptUITests.release.xcconfig"; sourceTree = "<group>"; };
		69DF194FE783CE3BADAD14B7 /* Pods-AutocryptTests.debug.xcconfig */ = {isa = PBXFileReference; includeInIndex = 1; lastKnownFileType = text.xcconfig; name = "Pods-AutocryptTests.debug.xcconfig"; path = "Target Support Files/Pods-AutocryptTests/Pods-AutocryptTests.debug.xcconfig"; sourceTree = "<group>"; };
		6D3921C7CB9D8AFAB300D73E /* Pods_Autocrypt_AutocryptUITests.framework */ = {isa = PBXFileReference; explicitFileType = wrapper.framework; includeInIndex = 0; path = Pods_Autocrypt_AutocryptUITests.framework; sourceTree = BUILT_PRODUCTS_DIR; };
		CE7E8B587CC99195B8F48943 /* Pods-Autocrypt.debug.xcconfig */ = {isa = PBXFileReference; includeInIndex = 1; lastKnownFileType = text.xcconfig; name = "Pods-Autocrypt.debug.xcconfig"; path = "Target Support Files/Pods-Autocrypt/Pods-Autocrypt.debug.xcconfig"; sourceTree = "<group>"; };
		DA12B37FF0605D19536EDBBC /* Pods-Autocrypt-AutocryptUITests.debug.xcconfig */ = {isa = PBXFileReference; includeInIndex = 1; lastKnownFileType = text.xcconfig; name = "Pods-Autocrypt-AutocryptUITests.debug.xcconfig"; path = "Target Support Files/Pods-Autocrypt-AutocryptUITests/Pods-Autocrypt-AutocryptUITests.debug.xcconfig"; sourceTree = "<group>"; };
		E50B10A4215E3FA94E568EAD /* Pods_AutocryptTests.framework */ = {isa = PBXFileReference; explicitFileType = wrapper.framework; includeInIndex = 0; path = Pods_AutocryptTests.framework; sourceTree = BUILT_PRODUCTS_DIR; };
		EA3275F629055ED6004480F7 /* Storage.swift */ = {isa = PBXFileReference; lastKnownFileType = sourcecode.swift; path = Storage.swift; sourceTree = "<group>"; };
		EA3275F82905AE5A004480F7 /* SpyVaccinationRepository.swift */ = {isa = PBXFileReference; lastKnownFileType = sourcecode.swift; path = SpyVaccinationRepository.swift; sourceTree = "<group>"; };
		EA3275FA2905B017004480F7 /* VaccinationListViewModelTests.swift */ = {isa = PBXFileReference; lastKnownFileType = sourcecode.swift; path = VaccinationListViewModelTests.swift; sourceTree = "<group>"; };
		EA3275FC2905C41E004480F7 /* VaccinationDetailViewModelTests.swift */ = {isa = PBXFileReference; lastKnownFileType = sourcecode.swift; path = VaccinationDetailViewModelTests.swift; sourceTree = "<group>"; };
		EA3275FE2905C73B004480F7 /* VaccinationMapViewModelTests.swift */ = {isa = PBXFileReference; lastKnownFileType = sourcecode.swift; path = VaccinationMapViewModelTests.swift; sourceTree = "<group>"; };
		EA3276002905C9B2004480F7 /* LocationManager.swift */ = {isa = PBXFileReference; lastKnownFileType = sourcecode.swift; path = LocationManager.swift; sourceTree = "<group>"; };
		EA3276022905CEAA004480F7 /* SpyLocationManager.swift */ = {isa = PBXFileReference; lastKnownFileType = sourcecode.swift; path = SpyLocationManager.swift; sourceTree = "<group>"; };
		EA3EDD54290502BE006B0026 /* VaccinationMapViewModel.swift */ = {isa = PBXFileReference; lastKnownFileType = sourcecode.swift; path = VaccinationMapViewModel.swift; sourceTree = "<group>"; };
		EA3FA50329026BF900F3B1D8 /* Autocrypt.app */ = {isa = PBXFileReference; explicitFileType = wrapper.application; includeInIndex = 0; path = Autocrypt.app; sourceTree = BUILT_PRODUCTS_DIR; };
		EA3FA50629026BF900F3B1D8 /* AppDelegate.swift */ = {isa = PBXFileReference; lastKnownFileType = sourcecode.swift; path = AppDelegate.swift; sourceTree = "<group>"; };
		EA3FA50829026BF900F3B1D8 /* SceneDelegate.swift */ = {isa = PBXFileReference; lastKnownFileType = sourcecode.swift; path = SceneDelegate.swift; sourceTree = "<group>"; };
		EA3FA50A29026BF900F3B1D8 /* VaccinationListViewController.swift */ = {isa = PBXFileReference; lastKnownFileType = sourcecode.swift; path = VaccinationListViewController.swift; sourceTree = "<group>"; };
		EA3FA50F29026BF900F3B1D8 /* Assets.xcassets */ = {isa = PBXFileReference; lastKnownFileType = folder.assetcatalog; path = Assets.xcassets; sourceTree = "<group>"; };
		EA3FA51429026BF900F3B1D8 /* Info.plist */ = {isa = PBXFileReference; lastKnownFileType = text.plist.xml; path = Info.plist; sourceTree = "<group>"; };
		EA3FA51929026BF900F3B1D8 /* AutocryptTests.xctest */ = {isa = PBXFileReference; explicitFileType = wrapper.cfbundle; includeInIndex = 0; path = AutocryptTests.xctest; sourceTree = BUILT_PRODUCTS_DIR; };
		EA3FA51D29026BFA00F3B1D8 /* NetworkProviderTests.swift */ = {isa = PBXFileReference; lastKnownFileType = sourcecode.swift; path = NetworkProviderTests.swift; sourceTree = "<group>"; };
		EA3FA52329026BFA00F3B1D8 /* AutocryptUITests.xctest */ = {isa = PBXFileReference; explicitFileType = wrapper.cfbundle; includeInIndex = 0; path = AutocryptUITests.xctest; sourceTree = BUILT_PRODUCTS_DIR; };
		EA3FA53E2902703400F3B1D8 /* NetworkError.swift */ = {isa = PBXFileReference; lastKnownFileType = sourcecode.swift; path = NetworkError.swift; sourceTree = "<group>"; };
		EA3FA5402902704000F3B1D8 /* Encodable+extension.swift */ = {isa = PBXFileReference; lastKnownFileType = sourcecode.swift; path = "Encodable+extension.swift"; sourceTree = "<group>"; };
		EA3FA5422902704B00F3B1D8 /* HttpMethod.swift */ = {isa = PBXFileReference; lastKnownFileType = sourcecode.swift; path = HttpMethod.swift; sourceTree = "<group>"; };
		EA3FA5442902705500F3B1D8 /* RequestResponsable.swift */ = {isa = PBXFileReference; lastKnownFileType = sourcecode.swift; path = RequestResponsable.swift; sourceTree = "<group>"; };
		EA3FA5462902707300F3B1D8 /* VaccinationListRequestModel.swift */ = {isa = PBXFileReference; lastKnownFileType = sourcecode.swift; path = VaccinationListRequestModel.swift; sourceTree = "<group>"; };
		EA3FA5482902707F00F3B1D8 /* VaccinationCenterList.swift */ = {isa = PBXFileReference; lastKnownFileType = sourcecode.swift; path = VaccinationCenterList.swift; sourceTree = "<group>"; };
		EA3FA54A2902717E00F3B1D8 /* URLSessionable.swift */ = {isa = PBXFileReference; lastKnownFileType = sourcecode.swift; path = URLSessionable.swift; sourceTree = "<group>"; };
		EA3FA54C2902719900F3B1D8 /* NetworkProvider.swift */ = {isa = PBXFileReference; lastKnownFileType = sourcecode.swift; path = NetworkProvider.swift; sourceTree = "<group>"; };
		EA3FA54F2902727300F3B1D8 /* Endpoint.swift */ = {isa = PBXFileReference; lastKnownFileType = sourcecode.swift; path = Endpoint.swift; sourceTree = "<group>"; };
		EA3FA5512902728B00F3B1D8 /* EndpointGenerator.swift */ = {isa = PBXFileReference; lastKnownFileType = sourcecode.swift; path = EndpointGenerator.swift; sourceTree = "<group>"; };
		EA3FA5542902893900F3B1D8 /* StubResponse.swift */ = {isa = PBXFileReference; lastKnownFileType = sourcecode.swift; path = StubResponse.swift; sourceTree = "<group>"; };
		EA3FA5562902898E00F3B1D8 /* StubURLSessionDataTask.swift */ = {isa = PBXFileReference; lastKnownFileType = sourcecode.swift; path = StubURLSessionDataTask.swift; sourceTree = "<group>"; };
		EA3FA558290289AC00F3B1D8 /* StubURLSession.swift */ = {isa = PBXFileReference; lastKnownFileType = sourcecode.swift; path = StubURLSession.swift; sourceTree = "<group>"; };
		EA3FA5602902915000F3B1D8 /* VaccinationListViewModel.swift */ = {isa = PBXFileReference; lastKnownFileType = sourcecode.swift; path = VaccinationListViewModel.swift; sourceTree = "<group>"; };
		EA3FA5632902936C00F3B1D8 /* VaccinationRepository.swift */ = {isa = PBXFileReference; lastKnownFileType = sourcecode.swift; path = VaccinationRepository.swift; sourceTree = "<group>"; };
		EA3FA5662902989500F3B1D8 /* ViewModelType.swift */ = {isa = PBXFileReference; lastKnownFileType = sourcecode.swift; path = ViewModelType.swift; sourceTree = "<group>"; };
		EA3FA56929029F6500F3B1D8 /* RxCocoa+extension.swift */ = {isa = PBXFileReference; lastKnownFileType = sourcecode.swift; path = "RxCocoa+extension.swift"; sourceTree = "<group>"; };
		EA3FA56B2902A2C800F3B1D8 /* VaccinationListTableViewCell.swift */ = {isa = PBXFileReference; lastKnownFileType = sourcecode.swift; path = VaccinationListTableViewCell.swift; sourceTree = "<group>"; };
		EA3FA56D2902A30600F3B1D8 /* UITableView+extension.swift */ = {isa = PBXFileReference; lastKnownFileType = sourcecode.swift; path = "UITableView+extension.swift"; sourceTree = "<group>"; };
		EA3FA5712902BE9400F3B1D8 /* UILabel+extension.swift */ = {isa = PBXFileReference; lastKnownFileType = sourcecode.swift; path = "UILabel+extension.swift"; sourceTree = "<group>"; };
		EA3FA59A29038D9200F3B1D8 /* VaccinationDetailViewController.swift */ = {isa = PBXFileReference; lastKnownFileType = sourcecode.swift; path = VaccinationDetailViewController.swift; sourceTree = "<group>"; };
		EA3FA59C290396C100F3B1D8 /* VaccinationDetailInfoView.swift */ = {isa = PBXFileReference; lastKnownFileType = sourcecode.swift; path = VaccinationDetailInfoView.swift; sourceTree = "<group>"; };
		EA3FA5A32903C76000F3B1D8 /* AppCoordinator.swift */ = {isa = PBXFileReference; lastKnownFileType = sourcecode.swift; path = AppCoordinator.swift; sourceTree = "<group>"; };
		EA3FA5A52903CF8A00F3B1D8 /* VaccinationListCoordinator.swift */ = {isa = PBXFileReference; lastKnownFileType = sourcecode.swift; path = VaccinationListCoordinator.swift; sourceTree = "<group>"; };
		EA3FA5A72903FF0700F3B1D8 /* VaccinationDetailCoordinator.swift */ = {isa = PBXFileReference; lastKnownFileType = sourcecode.swift; path = VaccinationDetailCoordinator.swift; sourceTree = "<group>"; };
		EA3FA5A929040E9900F3B1D8 /* VaccinationDetailViewModel.swift */ = {isa = PBXFileReference; lastKnownFileType = sourcecode.swift; path = VaccinationDetailViewModel.swift; sourceTree = "<group>"; };
		EA3FA5B029043E3F00F3B1D8 /* VaccinationMapViewController.swift */ = {isa = PBXFileReference; lastKnownFileType = sourcecode.swift; path = VaccinationMapViewController.swift; sourceTree = "<group>"; };
		EA3FA5B229043EB000F3B1D8 /* VaccinationMapCoordinator.swift */ = {isa = PBXFileReference; lastKnownFileType = sourcecode.swift; path = VaccinationMapCoordinator.swift; sourceTree = "<group>"; };
/* End PBXFileReference section */

/* Begin PBXFrameworksBuildPhase section */
		EA3FA50029026BF900F3B1D8 /* Frameworks */ = {
			isa = PBXFrameworksBuildPhase;
			buildActionMask = 2147483647;
			files = (
				A399D3D039D3399B73983B30 /* Pods_Autocrypt.framework in Frameworks */,
			);
			runOnlyForDeploymentPostprocessing = 0;
		};
		EA3FA51629026BF900F3B1D8 /* Frameworks */ = {
			isa = PBXFrameworksBuildPhase;
			buildActionMask = 2147483647;
			files = (
				EB749528A7A82B3F5F1CF204 /* Pods_AutocryptTests.framework in Frameworks */,
			);
			runOnlyForDeploymentPostprocessing = 0;
		};
		EA3FA52029026BFA00F3B1D8 /* Frameworks */ = {
			isa = PBXFrameworksBuildPhase;
			buildActionMask = 2147483647;
			files = (
				7DCBE3375D14AC1DE7D4714D /* Pods_Autocrypt_AutocryptUITests.framework in Frameworks */,
			);
			runOnlyForDeploymentPostprocessing = 0;
		};
/* End PBXFrameworksBuildPhase section */

/* Begin PBXGroup section */
		41868BAFC224AB3006049E66 /* Pods */ = {
			isa = PBXGroup;
			children = (
				CE7E8B587CC99195B8F48943 /* Pods-Autocrypt.debug.xcconfig */,
				033FF083078DA305CA3CF767 /* Pods-Autocrypt.release.xcconfig */,
				DA12B37FF0605D19536EDBBC /* Pods-Autocrypt-AutocryptUITests.debug.xcconfig */,
				602BA0CAF4CD2E8C9578BA62 /* Pods-Autocrypt-AutocryptUITests.release.xcconfig */,
				69DF194FE783CE3BADAD14B7 /* Pods-AutocryptTests.debug.xcconfig */,
				44E5592970812AB93A5B6391 /* Pods-AutocryptTests.release.xcconfig */,
			);
			path = Pods;
			sourceTree = "<group>";
		};
		9B48B87FC010ED005EC8DD26 /* Frameworks */ = {
			isa = PBXGroup;
			children = (
				52DDAFC5610CE8CA2DA06DF1 /* Pods_Autocrypt.framework */,
				6D3921C7CB9D8AFAB300D73E /* Pods_Autocrypt_AutocryptUITests.framework */,
				E50B10A4215E3FA94E568EAD /* Pods_AutocryptTests.framework */,
			);
			name = Frameworks;
			sourceTree = "<group>";
		};
		EA3FA4FA29026BF900F3B1D8 = {
			isa = PBXGroup;
			children = (
				EA3FA50529026BF900F3B1D8 /* Autocrypt */,
				EA3FA51C29026BFA00F3B1D8 /* AutocryptTests */,
				EA3FA50429026BF900F3B1D8 /* Products */,
				41868BAFC224AB3006049E66 /* Pods */,
				9B48B87FC010ED005EC8DD26 /* Frameworks */,
			);
			sourceTree = "<group>";
		};
		EA3FA50429026BF900F3B1D8 /* Products */ = {
			isa = PBXGroup;
			children = (
				EA3FA50329026BF900F3B1D8 /* Autocrypt.app */,
				EA3FA51929026BF900F3B1D8 /* AutocryptTests.xctest */,
				EA3FA52329026BFA00F3B1D8 /* AutocryptUITests.xctest */,
			);
			name = Products;
			sourceTree = "<group>";
		};
		EA3FA50529026BF900F3B1D8 /* Autocrypt */ = {
			isa = PBXGroup;
			children = (
				EA3FA51429026BF900F3B1D8 /* Info.plist */,
				EA3FA54E2902720400F3B1D8 /* App */,
				EA3FA55D2902912100F3B1D8 /* Presentation */,
				EA3FA53729026E2400F3B1D8 /* Data */,
			);
			path = Autocrypt;
			sourceTree = "<group>";
		};
		EA3FA51C29026BFA00F3B1D8 /* AutocryptTests */ = {
			isa = PBXGroup;
			children = (
				EA3FA5532902892900F3B1D8 /* TestDouble */,
				EA3FA51D29026BFA00F3B1D8 /* NetworkProviderTests.swift */,
				EA3275FA2905B017004480F7 /* VaccinationListViewModelTests.swift */,
				EA3275FC2905C41E004480F7 /* VaccinationDetailViewModelTests.swift */,
				EA3275FE2905C73B004480F7 /* VaccinationMapViewModelTests.swift */,
			);
			path = AutocryptTests;
			sourceTree = "<group>";
		};
		EA3FA53629026E1D00F3B1D8 /* Network */ = {
			isa = PBXGroup;
			children = (
				EA3FA53829026F5800F3B1D8 /* Extension */,
				EA3FA53929026F6000F3B1D8 /* Error */,
				EA3FA53A29026F6600F3B1D8 /* Support */,
				EA3FA53B29026F7200F3B1D8 /* Endpoint */,
				EA3FA54A2902717E00F3B1D8 /* URLSessionable.swift */,
				EA3FA54C2902719900F3B1D8 /* NetworkProvider.swift */,
			);
			path = Network;
			sourceTree = "<group>";
		};
		EA3FA53729026E2400F3B1D8 /* Data */ = {
			isa = PBXGroup;
			children = (
				EA3FA5622902935C00F3B1D8 /* Repository */,
				EA3FA53629026E1D00F3B1D8 /* Network */,
			);
			path = Data;
			sourceTree = "<group>";
		};
		EA3FA53829026F5800F3B1D8 /* Extension */ = {
			isa = PBXGroup;
			children = (
				EA3FA5402902704000F3B1D8 /* Encodable+extension.swift */,
			);
			path = Extension;
			sourceTree = "<group>";
		};
		EA3FA53929026F6000F3B1D8 /* Error */ = {
			isa = PBXGroup;
			children = (
				EA3FA53E2902703400F3B1D8 /* NetworkError.swift */,
			);
			path = Error;
			sourceTree = "<group>";
		};
		EA3FA53A29026F6600F3B1D8 /* Support */ = {
			isa = PBXGroup;
			children = (
				EA3FA5422902704B00F3B1D8 /* HttpMethod.swift */,
				EA3FA5442902705500F3B1D8 /* RequestResponsable.swift */,
				EA3275F629055ED6004480F7 /* Storage.swift */,
			);
			path = Support;
			sourceTree = "<group>";
		};
		EA3FA53B29026F7200F3B1D8 /* Endpoint */ = {
			isa = PBXGroup;
			children = (
				EA3FA53C29026F8300F3B1D8 /* RequestModel */,
				EA3FA53D29026F8C00F3B1D8 /* ResponseModel */,
				EA3FA54F2902727300F3B1D8 /* Endpoint.swift */,
				EA3FA5512902728B00F3B1D8 /* EndpointGenerator.swift */,
			);
			path = Endpoint;
			sourceTree = "<group>";
		};
		EA3FA53C29026F8300F3B1D8 /* RequestModel */ = {
			isa = PBXGroup;
			children = (
				EA3FA5462902707300F3B1D8 /* VaccinationListRequestModel.swift */,
			);
			path = RequestModel;
			sourceTree = "<group>";
		};
		EA3FA53D29026F8C00F3B1D8 /* ResponseModel */ = {
			isa = PBXGroup;
			children = (
				EA3FA5482902707F00F3B1D8 /* VaccinationCenterList.swift */,
			);
			path = ResponseModel;
			sourceTree = "<group>";
		};
		EA3FA54E2902720400F3B1D8 /* App */ = {
			isa = PBXGroup;
			children = (
				EA3FA50F29026BF900F3B1D8 /* Assets.xcassets */,
				EA3FA50629026BF900F3B1D8 /* AppDelegate.swift */,
				EA3FA50829026BF900F3B1D8 /* SceneDelegate.swift */,
			);
			path = App;
			sourceTree = "<group>";
		};
		EA3FA5532902892900F3B1D8 /* TestDouble */ = {
			isa = PBXGroup;
			children = (
				EA3FA5542902893900F3B1D8 /* StubResponse.swift */,
				EA3FA5562902898E00F3B1D8 /* StubURLSessionDataTask.swift */,
				EA3FA558290289AC00F3B1D8 /* StubURLSession.swift */,
				EA3275F82905AE5A004480F7 /* SpyVaccinationRepository.swift */,
				EA3276022905CEAA004480F7 /* SpyLocationManager.swift */,
			);
			path = TestDouble;
			sourceTree = "<group>";
		};
		EA3FA55D2902912100F3B1D8 /* Presentation */ = {
			isa = PBXGroup;
			children = (
				EA3FA5A22903C6D500F3B1D8 /* Coordinator */,
				EA3FA5652902988100F3B1D8 /* Protocol */,
				EA3FA56829029F4E00F3B1D8 /* Extension */,
				EA3FA59629038D2900F3B1D8 /* ListView */,
				EA3FA59729038D3800F3B1D8 /* DetailView */,
				EA3FA5AB29043DE300F3B1D8 /* MapView */,
			);
			path = Presentation;
			sourceTree = "<group>";
		};
		EA3FA55E2902913800F3B1D8 /* View */ = {
			isa = PBXGroup;
			children = (
				EA3FA50A29026BF900F3B1D8 /* VaccinationListViewController.swift */,
				EA3FA56B2902A2C800F3B1D8 /* VaccinationListTableViewCell.swift */,
			);
			path = View;
			sourceTree = "<group>";
		};
		EA3FA55F2902913F00F3B1D8 /* ViewModel */ = {
			isa = PBXGroup;
			children = (
				EA3FA5602902915000F3B1D8 /* VaccinationListViewModel.swift */,
			);
			path = ViewModel;
			sourceTree = "<group>";
		};
		EA3FA5622902935C00F3B1D8 /* Repository */ = {
			isa = PBXGroup;
			children = (
				EA3FA5632902936C00F3B1D8 /* VaccinationRepository.swift */,
			);
			path = Repository;
			sourceTree = "<group>";
		};
		EA3FA5652902988100F3B1D8 /* Protocol */ = {
			isa = PBXGroup;
			children = (
				EA3FA5662902989500F3B1D8 /* ViewModelType.swift */,
			);
			path = Protocol;
			sourceTree = "<group>";
		};
		EA3FA56829029F4E00F3B1D8 /* Extension */ = {
			isa = PBXGroup;
			children = (
				EA3FA56929029F6500F3B1D8 /* RxCocoa+extension.swift */,
				EA3FA56D2902A30600F3B1D8 /* UITableView+extension.swift */,
				EA3FA5712902BE9400F3B1D8 /* UILabel+extension.swift */,
			);
			path = Extension;
			sourceTree = "<group>";
		};
		EA3FA59629038D2900F3B1D8 /* ListView */ = {
			isa = PBXGroup;
			children = (
				EA3FA55E2902913800F3B1D8 /* View */,
				EA3FA55F2902913F00F3B1D8 /* ViewModel */,
			);
			path = ListView;
			sourceTree = "<group>";
		};
		EA3FA59729038D3800F3B1D8 /* DetailView */ = {
			isa = PBXGroup;
			children = (
				EA3FA59829038D4D00F3B1D8 /* View */,
				EA3FA59929038D5200F3B1D8 /* ViewModel */,
			);
			path = DetailView;
			sourceTree = "<group>";
		};
		EA3FA59829038D4D00F3B1D8 /* View */ = {
			isa = PBXGroup;
			children = (
				EA3FA59C290396C100F3B1D8 /* VaccinationDetailInfoView.swift */,
				EA3FA59A29038D9200F3B1D8 /* VaccinationDetailViewController.swift */,
			);
			path = View;
			sourceTree = "<group>";
		};
		EA3FA59929038D5200F3B1D8 /* ViewModel */ = {
			isa = PBXGroup;
			children = (
				EA3FA5A929040E9900F3B1D8 /* VaccinationDetailViewModel.swift */,
			);
			path = ViewModel;
			sourceTree = "<group>";
		};
		EA3FA5A22903C6D500F3B1D8 /* Coordinator */ = {
			isa = PBXGroup;
			children = (
				EA3FA5A32903C76000F3B1D8 /* AppCoordinator.swift */,
				EA3FA5A52903CF8A00F3B1D8 /* VaccinationListCoordinator.swift */,
				EA3FA5A72903FF0700F3B1D8 /* VaccinationDetailCoordinator.swift */,
				EA3FA5B229043EB000F3B1D8 /* VaccinationMapCoordinator.swift */,
			);
			path = Coordinator;
			sourceTree = "<group>";
		};
		EA3FA5AB29043DE300F3B1D8 /* MapView */ = {
			isa = PBXGroup;
			children = (
				EA3FA5AC29043DFA00F3B1D8 /* View */,
				EA3FA5AD29043DFF00F3B1D8 /* ViewModel */,
			);
			path = MapView;
			sourceTree = "<group>";
		};
		EA3FA5AC29043DFA00F3B1D8 /* View */ = {
			isa = PBXGroup;
			children = (
				EA3FA5B029043E3F00F3B1D8 /* VaccinationMapViewController.swift */,
			);
			path = View;
			sourceTree = "<group>";
		};
		EA3FA5AD29043DFF00F3B1D8 /* ViewModel */ = {
			isa = PBXGroup;
			children = (
				EA3EDD54290502BE006B0026 /* VaccinationMapViewModel.swift */,
				EA3276002905C9B2004480F7 /* LocationManager.swift */,
			);
			path = ViewModel;
			sourceTree = "<group>";
		};
/* End PBXGroup section */

/* Begin PBXNativeTarget section */
		EA3FA50229026BF900F3B1D8 /* Autocrypt */ = {
			isa = PBXNativeTarget;
			buildConfigurationList = EA3FA52D29026BFA00F3B1D8 /* Build configuration list for PBXNativeTarget "Autocrypt" */;
			buildPhases = (
				C3E3CF92483D1C0DDFF31313 /* [CP] Check Pods Manifest.lock */,
				EA3FA4FF29026BF900F3B1D8 /* Sources */,
				EA3FA50029026BF900F3B1D8 /* Frameworks */,
				EA3FA50129026BF900F3B1D8 /* Resources */,
				CC5FB444D3866C5A85B2FFA6 /* [CP] Embed Pods Frameworks */,
			);
			buildRules = (
			);
			dependencies = (
			);
			name = Autocrypt;
			productName = Autocrypt;
			productReference = EA3FA50329026BF900F3B1D8 /* Autocrypt.app */;
			productType = "com.apple.product-type.application";
		};
		EA3FA51829026BF900F3B1D8 /* AutocryptTests */ = {
			isa = PBXNativeTarget;
			buildConfigurationList = EA3FA53029026BFA00F3B1D8 /* Build configuration list for PBXNativeTarget "AutocryptTests" */;
			buildPhases = (
				3B6E891DE543150CE4EB76ED /* [CP] Check Pods Manifest.lock */,
				EA3FA51529026BF900F3B1D8 /* Sources */,
				EA3FA51629026BF900F3B1D8 /* Frameworks */,
				EA3FA51729026BF900F3B1D8 /* Resources */,
				EDE109E574A6096F4D040889 /* [CP] Embed Pods Frameworks */,
			);
			buildRules = (
			);
			dependencies = (
				EA3FA51B29026BF900F3B1D8 /* PBXTargetDependency */,
			);
			name = AutocryptTests;
			productName = AutocryptTests;
			productReference = EA3FA51929026BF900F3B1D8 /* AutocryptTests.xctest */;
			productType = "com.apple.product-type.bundle.unit-test";
		};
		EA3FA52229026BFA00F3B1D8 /* AutocryptUITests */ = {
			isa = PBXNativeTarget;
			buildConfigurationList = EA3FA53329026BFA00F3B1D8 /* Build configuration list for PBXNativeTarget "AutocryptUITests" */;
			buildPhases = (
				ADA45DFE12CE4FEC0F8C9BDF /* [CP] Check Pods Manifest.lock */,
				EA3FA51F29026BFA00F3B1D8 /* Sources */,
				EA3FA52029026BFA00F3B1D8 /* Frameworks */,
				EA3FA52129026BFA00F3B1D8 /* Resources */,
				4631463FD78C02C650A50008 /* [CP] Embed Pods Frameworks */,
			);
			buildRules = (
			);
			dependencies = (
				EA3FA52529026BFA00F3B1D8 /* PBXTargetDependency */,
			);
			name = AutocryptUITests;
			productName = AutocryptUITests;
			productReference = EA3FA52329026BFA00F3B1D8 /* AutocryptUITests.xctest */;
			productType = "com.apple.product-type.bundle.ui-testing";
		};
/* End PBXNativeTarget section */

/* Begin PBXProject section */
		EA3FA4FB29026BF900F3B1D8 /* Project object */ = {
			isa = PBXProject;
			attributes = {
				BuildIndependentTargetsInParallel = 1;
				LastSwiftUpdateCheck = 1330;
				LastUpgradeCheck = 1330;
				TargetAttributes = {
					EA3FA50229026BF900F3B1D8 = {
						CreatedOnToolsVersion = 13.3.1;
					};
					EA3FA51829026BF900F3B1D8 = {
						CreatedOnToolsVersion = 13.3.1;
						TestTargetID = EA3FA50229026BF900F3B1D8;
					};
					EA3FA52229026BFA00F3B1D8 = {
						CreatedOnToolsVersion = 13.3.1;
						TestTargetID = EA3FA50229026BF900F3B1D8;
					};
				};
			};
			buildConfigurationList = EA3FA4FE29026BF900F3B1D8 /* Build configuration list for PBXProject "Autocrypt" */;
			compatibilityVersion = "Xcode 13.0";
			developmentRegion = en;
			hasScannedForEncodings = 0;
			knownRegions = (
				en,
				Base,
			);
			mainGroup = EA3FA4FA29026BF900F3B1D8;
			productRefGroup = EA3FA50429026BF900F3B1D8 /* Products */;
			projectDirPath = "";
			projectRoot = "";
			targets = (
				EA3FA50229026BF900F3B1D8 /* Autocrypt */,
				EA3FA51829026BF900F3B1D8 /* AutocryptTests */,
				EA3FA52229026BFA00F3B1D8 /* AutocryptUITests */,
			);
		};
/* End PBXProject section */

/* Begin PBXResourcesBuildPhase section */
		EA3FA50129026BF900F3B1D8 /* Resources */ = {
			isa = PBXResourcesBuildPhase;
			buildActionMask = 2147483647;
			files = (
				EA3FA51029026BF900F3B1D8 /* Assets.xcassets in Resources */,
			);
			runOnlyForDeploymentPostprocessing = 0;
		};
		EA3FA51729026BF900F3B1D8 /* Resources */ = {
			isa = PBXResourcesBuildPhase;
			buildActionMask = 2147483647;
			files = (
			);
			runOnlyForDeploymentPostprocessing = 0;
		};
		EA3FA52129026BFA00F3B1D8 /* Resources */ = {
			isa = PBXResourcesBuildPhase;
			buildActionMask = 2147483647;
			files = (
			);
			runOnlyForDeploymentPostprocessing = 0;
		};
/* End PBXResourcesBuildPhase section */

/* Begin PBXShellScriptBuildPhase section */
		3B6E891DE543150CE4EB76ED /* [CP] Check Pods Manifest.lock */ = {
			isa = PBXShellScriptBuildPhase;
			buildActionMask = 2147483647;
			files = (
			);
			inputFileListPaths = (
			);
			inputPaths = (
				"${PODS_PODFILE_DIR_PATH}/Podfile.lock",
				"${PODS_ROOT}/Manifest.lock",
			);
			name = "[CP] Check Pods Manifest.lock";
			outputFileListPaths = (
			);
			outputPaths = (
				"$(DERIVED_FILE_DIR)/Pods-AutocryptTests-checkManifestLockResult.txt",
			);
			runOnlyForDeploymentPostprocessing = 0;
			shellPath = /bin/sh;
			shellScript = "diff \"${PODS_PODFILE_DIR_PATH}/Podfile.lock\" \"${PODS_ROOT}/Manifest.lock\" > /dev/null\nif [ $? != 0 ] ; then\n    # print error to STDERR\n    echo \"error: The sandbox is not in sync with the Podfile.lock. Run 'pod install' or update your CocoaPods installation.\" >&2\n    exit 1\nfi\n# This output is used by Xcode 'outputs' to avoid re-running this script phase.\necho \"SUCCESS\" > \"${SCRIPT_OUTPUT_FILE_0}\"\n";
			showEnvVarsInLog = 0;
		};
		4631463FD78C02C650A50008 /* [CP] Embed Pods Frameworks */ = {
			isa = PBXShellScriptBuildPhase;
			buildActionMask = 2147483647;
			files = (
			);
			inputFileListPaths = (
				"${PODS_ROOT}/Target Support Files/Pods-Autocrypt-AutocryptUITests/Pods-Autocrypt-AutocryptUITests-frameworks-${CONFIGURATION}-input-files.xcfilelist",
			);
			name = "[CP] Embed Pods Frameworks";
			outputFileListPaths = (
				"${PODS_ROOT}/Target Support Files/Pods-Autocrypt-AutocryptUITests/Pods-Autocrypt-AutocryptUITests-frameworks-${CONFIGURATION}-output-files.xcfilelist",
			);
			runOnlyForDeploymentPostprocessing = 0;
			shellPath = /bin/sh;
			shellScript = "\"${PODS_ROOT}/Target Support Files/Pods-Autocrypt-AutocryptUITests/Pods-Autocrypt-AutocryptUITests-frameworks.sh\"\n";
			showEnvVarsInLog = 0;
		};
		ADA45DFE12CE4FEC0F8C9BDF /* [CP] Check Pods Manifest.lock */ = {
			isa = PBXShellScriptBuildPhase;
			buildActionMask = 2147483647;
			files = (
			);
			inputFileListPaths = (
			);
			inputPaths = (
				"${PODS_PODFILE_DIR_PATH}/Podfile.lock",
				"${PODS_ROOT}/Manifest.lock",
			);
			name = "[CP] Check Pods Manifest.lock";
			outputFileListPaths = (
			);
			outputPaths = (
				"$(DERIVED_FILE_DIR)/Pods-Autocrypt-AutocryptUITests-checkManifestLockResult.txt",
			);
			runOnlyForDeploymentPostprocessing = 0;
			shellPath = /bin/sh;
			shellScript = "diff \"${PODS_PODFILE_DIR_PATH}/Podfile.lock\" \"${PODS_ROOT}/Manifest.lock\" > /dev/null\nif [ $? != 0 ] ; then\n    # print error to STDERR\n    echo \"error: The sandbox is not in sync with the Podfile.lock. Run 'pod install' or update your CocoaPods installation.\" >&2\n    exit 1\nfi\n# This output is used by Xcode 'outputs' to avoid re-running this script phase.\necho \"SUCCESS\" > \"${SCRIPT_OUTPUT_FILE_0}\"\n";
			showEnvVarsInLog = 0;
		};
		C3E3CF92483D1C0DDFF31313 /* [CP] Check Pods Manifest.lock */ = {
			isa = PBXShellScriptBuildPhase;
			buildActionMask = 2147483647;
			files = (
			);
			inputFileListPaths = (
			);
			inputPaths = (
				"${PODS_PODFILE_DIR_PATH}/Podfile.lock",
				"${PODS_ROOT}/Manifest.lock",
			);
			name = "[CP] Check Pods Manifest.lock";
			outputFileListPaths = (
			);
			outputPaths = (
				"$(DERIVED_FILE_DIR)/Pods-Autocrypt-checkManifestLockResult.txt",
			);
			runOnlyForDeploymentPostprocessing = 0;
			shellPath = /bin/sh;
			shellScript = "diff \"${PODS_PODFILE_DIR_PATH}/Podfile.lock\" \"${PODS_ROOT}/Manifest.lock\" > /dev/null\nif [ $? != 0 ] ; then\n    # print error to STDERR\n    echo \"error: The sandbox is not in sync with the Podfile.lock. Run 'pod install' or update your CocoaPods installation.\" >&2\n    exit 1\nfi\n# This output is used by Xcode 'outputs' to avoid re-running this script phase.\necho \"SUCCESS\" > \"${SCRIPT_OUTPUT_FILE_0}\"\n";
			showEnvVarsInLog = 0;
		};
		CC5FB444D3866C5A85B2FFA6 /* [CP] Embed Pods Frameworks */ = {
			isa = PBXShellScriptBuildPhase;
			buildActionMask = 2147483647;
			files = (
			);
			inputFileListPaths = (
				"${PODS_ROOT}/Target Support Files/Pods-Autocrypt/Pods-Autocrypt-frameworks-${CONFIGURATION}-input-files.xcfilelist",
			);
			name = "[CP] Embed Pods Frameworks";
			outputFileListPaths = (
				"${PODS_ROOT}/Target Support Files/Pods-Autocrypt/Pods-Autocrypt-frameworks-${CONFIGURATION}-output-files.xcfilelist",
			);
			runOnlyForDeploymentPostprocessing = 0;
			shellPath = /bin/sh;
			shellScript = "\"${PODS_ROOT}/Target Support Files/Pods-Autocrypt/Pods-Autocrypt-frameworks.sh\"\n";
			showEnvVarsInLog = 0;
		};
		EDE109E574A6096F4D040889 /* [CP] Embed Pods Frameworks */ = {
			isa = PBXShellScriptBuildPhase;
			buildActionMask = 2147483647;
			files = (
			);
			inputFileListPaths = (
				"${PODS_ROOT}/Target Support Files/Pods-AutocryptTests/Pods-AutocryptTests-frameworks-${CONFIGURATION}-input-files.xcfilelist",
			);
			name = "[CP] Embed Pods Frameworks";
			outputFileListPaths = (
				"${PODS_ROOT}/Target Support Files/Pods-AutocryptTests/Pods-AutocryptTests-frameworks-${CONFIGURATION}-output-files.xcfilelist",
			);
			runOnlyForDeploymentPostprocessing = 0;
			shellPath = /bin/sh;
			shellScript = "\"${PODS_ROOT}/Target Support Files/Pods-AutocryptTests/Pods-AutocryptTests-frameworks.sh\"\n";
			showEnvVarsInLog = 0;
		};
/* End PBXShellScriptBuildPhase section */

/* Begin PBXSourcesBuildPhase section */
		EA3FA4FF29026BF900F3B1D8 /* Sources */ = {
			isa = PBXSourcesBuildPhase;
			buildActionMask = 2147483647;
			files = (
				EA3FA59B29038D9200F3B1D8 /* VaccinationDetailViewController.swift in Sources */,
				EA3FA5412902704000F3B1D8 /* Encodable+extension.swift in Sources */,
				EA3FA5A42903C76000F3B1D8 /* AppCoordinator.swift in Sources */,
				EA3FA50B29026BF900F3B1D8 /* VaccinationListViewController.swift in Sources */,
				EA3FA53F2902703400F3B1D8 /* NetworkError.swift in Sources */,
				EA3FA56C2902A2C800F3B1D8 /* VaccinationListTableViewCell.swift in Sources */,
				EA3FA5472902707300F3B1D8 /* VaccinationListRequestModel.swift in Sources */,
				EA3FA5A82903FF0700F3B1D8 /* VaccinationDetailCoordinator.swift in Sources */,
				EA3FA5452902705500F3B1D8 /* RequestResponsable.swift in Sources */,
				EA3FA59D290396C100F3B1D8 /* VaccinationDetailInfoView.swift in Sources */,
				EA3FA5492902707F00F3B1D8 /* VaccinationCenterList.swift in Sources */,
				EA3FA54B2902717E00F3B1D8 /* URLSessionable.swift in Sources */,
				EA3FA5612902915000F3B1D8 /* VaccinationListViewModel.swift in Sources */,
				EA3FA5522902728B00F3B1D8 /* EndpointGenerator.swift in Sources */,
				EA3FA56A29029F6500F3B1D8 /* RxCocoa+extension.swift in Sources */,
				EA3FA5AA29040E9900F3B1D8 /* VaccinationDetailViewModel.swift in Sources */,
				EA3FA5B329043EB000F3B1D8 /* VaccinationMapCoordinator.swift in Sources */,
				EA3EDD55290502BE006B0026 /* VaccinationMapViewModel.swift in Sources */,
				EA3276012905C9B2004480F7 /* LocationManager.swift in Sources */,
				EA3FA54D2902719900F3B1D8 /* NetworkProvider.swift in Sources */,
				EA3FA50729026BF900F3B1D8 /* AppDelegate.swift in Sources */,
				EA3FA5A62903CF8A00F3B1D8 /* VaccinationListCoordinator.swift in Sources */,
				EA3FA56E2902A30600F3B1D8 /* UITableView+extension.swift in Sources */,
				EA3FA5642902936C00F3B1D8 /* VaccinationRepository.swift in Sources */,
				EA3275F729055ED6004480F7 /* Storage.swift in Sources */,
				EA3FA55C290289C000F3B1D8 /* StubResponse.swift in Sources */,
				EA3FA5722902BE9400F3B1D8 /* UILabel+extension.swift in Sources */,
				EA3FA5432902704B00F3B1D8 /* HttpMethod.swift in Sources */,
				EA3FA55B290289BD00F3B1D8 /* StubURLSessionDataTask.swift in Sources */,
				EA3FA5502902727300F3B1D8 /* Endpoint.swift in Sources */,
				EA3FA5672902989500F3B1D8 /* ViewModelType.swift in Sources */,
				EA3FA5B129043E3F00F3B1D8 /* VaccinationMapViewController.swift in Sources */,
				EA3FA55A290289BA00F3B1D8 /* StubURLSession.swift in Sources */,
				EA3FA50929026BF900F3B1D8 /* SceneDelegate.swift in Sources */,
			);
			runOnlyForDeploymentPostprocessing = 0;
		};
		EA3FA51529026BF900F3B1D8 /* Sources */ = {
			isa = PBXSourcesBuildPhase;
			buildActionMask = 2147483647;
			files = (
				EA3275F92905AE5A004480F7 /* SpyVaccinationRepository.swift in Sources */,
				EA3275FD2905C41E004480F7 /* VaccinationDetailViewModelTests.swift in Sources */,
				EA3FA51E29026BFA00F3B1D8 /* NetworkProviderTests.swift in Sources */,
				EA3275FF2905C73B004480F7 /* VaccinationMapViewModelTests.swift in Sources */,
				EA3276032905CEAA004480F7 /* SpyLocationManager.swift in Sources */,
				EA3275FB2905B017004480F7 /* VaccinationListViewModelTests.swift in Sources */,
			);
			runOnlyForDeploymentPostprocessing = 0;
		};
		EA3FA51F29026BFA00F3B1D8 /* Sources */ = {
			isa = PBXSourcesBuildPhase;
			buildActionMask = 2147483647;
			files = (
			);
			runOnlyForDeploymentPostprocessing = 0;
		};
/* End PBXSourcesBuildPhase section */

/* Begin PBXTargetDependency section */
		EA3FA51B29026BF900F3B1D8 /* PBXTargetDependency */ = {
			isa = PBXTargetDependency;
			target = EA3FA50229026BF900F3B1D8 /* Autocrypt */;
			targetProxy = EA3FA51A29026BF900F3B1D8 /* PBXContainerItemProxy */;
		};
		EA3FA52529026BFA00F3B1D8 /* PBXTargetDependency */ = {
			isa = PBXTargetDependency;
			target = EA3FA50229026BF900F3B1D8 /* Autocrypt */;
			targetProxy = EA3FA52429026BFA00F3B1D8 /* PBXContainerItemProxy */;
		};
/* End PBXTargetDependency section */

/* Begin XCBuildConfiguration section */
		EA3FA52B29026BFA00F3B1D8 /* Debug */ = {
			isa = XCBuildConfiguration;
			buildSettings = {
				ALWAYS_SEARCH_USER_PATHS = NO;
				CLANG_ANALYZER_NONNULL = YES;
				CLANG_ANALYZER_NUMBER_OBJECT_CONVERSION = YES_AGGRESSIVE;
				CLANG_CXX_LANGUAGE_STANDARD = "gnu++17";
				CLANG_ENABLE_MODULES = YES;
				CLANG_ENABLE_OBJC_ARC = YES;
				CLANG_ENABLE_OBJC_WEAK = YES;
				CLANG_WARN_BLOCK_CAPTURE_AUTORELEASING = YES;
				CLANG_WARN_BOOL_CONVERSION = YES;
				CLANG_WARN_COMMA = YES;
				CLANG_WARN_CONSTANT_CONVERSION = YES;
				CLANG_WARN_DEPRECATED_OBJC_IMPLEMENTATIONS = YES;
				CLANG_WARN_DIRECT_OBJC_ISA_USAGE = YES_ERROR;
				CLANG_WARN_DOCUMENTATION_COMMENTS = YES;
				CLANG_WARN_EMPTY_BODY = YES;
				CLANG_WARN_ENUM_CONVERSION = YES;
				CLANG_WARN_INFINITE_RECURSION = YES;
				CLANG_WARN_INT_CONVERSION = YES;
				CLANG_WARN_NON_LITERAL_NULL_CONVERSION = YES;
				CLANG_WARN_OBJC_IMPLICIT_RETAIN_SELF = YES;
				CLANG_WARN_OBJC_LITERAL_CONVERSION = YES;
				CLANG_WARN_OBJC_ROOT_CLASS = YES_ERROR;
				CLANG_WARN_QUOTED_INCLUDE_IN_FRAMEWORK_HEADER = YES;
				CLANG_WARN_RANGE_LOOP_ANALYSIS = YES;
				CLANG_WARN_STRICT_PROTOTYPES = YES;
				CLANG_WARN_SUSPICIOUS_MOVE = YES;
				CLANG_WARN_UNGUARDED_AVAILABILITY = YES_AGGRESSIVE;
				CLANG_WARN_UNREACHABLE_CODE = YES;
				CLANG_WARN__DUPLICATE_METHOD_MATCH = YES;
				COPY_PHASE_STRIP = NO;
				DEBUG_INFORMATION_FORMAT = dwarf;
				ENABLE_STRICT_OBJC_MSGSEND = YES;
				ENABLE_TESTABILITY = YES;
				GCC_C_LANGUAGE_STANDARD = gnu11;
				GCC_DYNAMIC_NO_PIC = NO;
				GCC_NO_COMMON_BLOCKS = YES;
				GCC_OPTIMIZATION_LEVEL = 0;
				GCC_PREPROCESSOR_DEFINITIONS = (
					"DEBUG=1",
					"$(inherited)",
				);
				GCC_WARN_64_TO_32_BIT_CONVERSION = YES;
				GCC_WARN_ABOUT_RETURN_TYPE = YES_ERROR;
				GCC_WARN_UNDECLARED_SELECTOR = YES;
				GCC_WARN_UNINITIALIZED_AUTOS = YES_AGGRESSIVE;
				GCC_WARN_UNUSED_FUNCTION = YES;
				GCC_WARN_UNUSED_VARIABLE = YES;
				IPHONEOS_DEPLOYMENT_TARGET = 15.4;
				MTL_ENABLE_DEBUG_INFO = INCLUDE_SOURCE;
				MTL_FAST_MATH = YES;
				ONLY_ACTIVE_ARCH = YES;
				SDKROOT = iphoneos;
				SWIFT_ACTIVE_COMPILATION_CONDITIONS = DEBUG;
				SWIFT_OPTIMIZATION_LEVEL = "-Onone";
			};
			name = Debug;
		};
		EA3FA52C29026BFA00F3B1D8 /* Release */ = {
			isa = XCBuildConfiguration;
			buildSettings = {
				ALWAYS_SEARCH_USER_PATHS = NO;
				CLANG_ANALYZER_NONNULL = YES;
				CLANG_ANALYZER_NUMBER_OBJECT_CONVERSION = YES_AGGRESSIVE;
				CLANG_CXX_LANGUAGE_STANDARD = "gnu++17";
				CLANG_ENABLE_MODULES = YES;
				CLANG_ENABLE_OBJC_ARC = YES;
				CLANG_ENABLE_OBJC_WEAK = YES;
				CLANG_WARN_BLOCK_CAPTURE_AUTORELEASING = YES;
				CLANG_WARN_BOOL_CONVERSION = YES;
				CLANG_WARN_COMMA = YES;
				CLANG_WARN_CONSTANT_CONVERSION = YES;
				CLANG_WARN_DEPRECATED_OBJC_IMPLEMENTATIONS = YES;
				CLANG_WARN_DIRECT_OBJC_ISA_USAGE = YES_ERROR;
				CLANG_WARN_DOCUMENTATION_COMMENTS = YES;
				CLANG_WARN_EMPTY_BODY = YES;
				CLANG_WARN_ENUM_CONVERSION = YES;
				CLANG_WARN_INFINITE_RECURSION = YES;
				CLANG_WARN_INT_CONVERSION = YES;
				CLANG_WARN_NON_LITERAL_NULL_CONVERSION = YES;
				CLANG_WARN_OBJC_IMPLICIT_RETAIN_SELF = YES;
				CLANG_WARN_OBJC_LITERAL_CONVERSION = YES;
				CLANG_WARN_OBJC_ROOT_CLASS = YES_ERROR;
				CLANG_WARN_QUOTED_INCLUDE_IN_FRAMEWORK_HEADER = YES;
				CLANG_WARN_RANGE_LOOP_ANALYSIS = YES;
				CLANG_WARN_STRICT_PROTOTYPES = YES;
				CLANG_WARN_SUSPICIOUS_MOVE = YES;
				CLANG_WARN_UNGUARDED_AVAILABILITY = YES_AGGRESSIVE;
				CLANG_WARN_UNREACHABLE_CODE = YES;
				CLANG_WARN__DUPLICATE_METHOD_MATCH = YES;
				COPY_PHASE_STRIP = NO;
				DEBUG_INFORMATION_FORMAT = "dwarf-with-dsym";
				ENABLE_NS_ASSERTIONS = NO;
				ENABLE_STRICT_OBJC_MSGSEND = YES;
				GCC_C_LANGUAGE_STANDARD = gnu11;
				GCC_NO_COMMON_BLOCKS = YES;
				GCC_WARN_64_TO_32_BIT_CONVERSION = YES;
				GCC_WARN_ABOUT_RETURN_TYPE = YES_ERROR;
				GCC_WARN_UNDECLARED_SELECTOR = YES;
				GCC_WARN_UNINITIALIZED_AUTOS = YES_AGGRESSIVE;
				GCC_WARN_UNUSED_FUNCTION = YES;
				GCC_WARN_UNUSED_VARIABLE = YES;
				IPHONEOS_DEPLOYMENT_TARGET = 15.4;
				MTL_ENABLE_DEBUG_INFO = NO;
				MTL_FAST_MATH = YES;
				SDKROOT = iphoneos;
				SWIFT_COMPILATION_MODE = wholemodule;
				SWIFT_OPTIMIZATION_LEVEL = "-O";
				VALIDATE_PRODUCT = YES;
			};
			name = Release;
		};
		EA3FA52E29026BFA00F3B1D8 /* Debug */ = {
			isa = XCBuildConfiguration;
			baseConfigurationReference = CE7E8B587CC99195B8F48943 /* Pods-Autocrypt.debug.xcconfig */;
			buildSettings = {
				ASSETCATALOG_COMPILER_APPICON_NAME = AppIcon;
				ASSETCATALOG_COMPILER_GLOBAL_ACCENT_COLOR_NAME = AccentColor;
				CODE_SIGN_STYLE = Automatic;
				CURRENT_PROJECT_VERSION = 1;
				DEVELOPMENT_TEAM = HK42Z7UX9X;
				GENERATE_INFOPLIST_FILE = YES;
				INFOPLIST_FILE = Autocrypt/Info.plist;
				INFOPLIST_KEY_UIApplicationSupportsIndirectInputEvents = YES;
				INFOPLIST_KEY_UILaunchStoryboardName = LaunchScreen;
				INFOPLIST_KEY_UISupportedInterfaceOrientations_iPad = "UIInterfaceOrientationPortrait UIInterfaceOrientationPortraitUpsideDown UIInterfaceOrientationLandscapeLeft UIInterfaceOrientationLandscapeRight";
				INFOPLIST_KEY_UISupportedInterfaceOrientations_iPhone = "UIInterfaceOrientationPortrait UIInterfaceOrientationLandscapeLeft UIInterfaceOrientationLandscapeRight";
				IPHONEOS_DEPLOYMENT_TARGET = 14.0;
				LD_RUNPATH_SEARCH_PATHS = (
					"$(inherited)",
					"@executable_path/Frameworks",
				);
				MARKETING_VERSION = 1.0;
				PRODUCT_BUNDLE_IDENTIFIER = com.jane.Autocrypt;
				PRODUCT_NAME = "$(TARGET_NAME)";
				SWIFT_EMIT_LOC_STRINGS = YES;
				SWIFT_VERSION = 5.0;
				TARGETED_DEVICE_FAMILY = 1;
			};
			name = Debug;
		};
		EA3FA52F29026BFA00F3B1D8 /* Release */ = {
			isa = XCBuildConfiguration;
			baseConfigurationReference = 033FF083078DA305CA3CF767 /* Pods-Autocrypt.release.xcconfig */;
			buildSettings = {
				ASSETCATALOG_COMPILER_APPICON_NAME = AppIcon;
				ASSETCATALOG_COMPILER_GLOBAL_ACCENT_COLOR_NAME = AccentColor;
				CODE_SIGN_STYLE = Automatic;
				CURRENT_PROJECT_VERSION = 1;
				DEVELOPMENT_TEAM = HK42Z7UX9X;
				GENERATE_INFOPLIST_FILE = YES;
				INFOPLIST_FILE = Autocrypt/Info.plist;
				INFOPLIST_KEY_UIApplicationSupportsIndirectInputEvents = YES;
				INFOPLIST_KEY_UILaunchStoryboardName = LaunchScreen;
				INFOPLIST_KEY_UISupportedInterfaceOrientations_iPad = "UIInterfaceOrientationPortrait UIInterfaceOrientationPortraitUpsideDown UIInterfaceOrientationLandscapeLeft UIInterfaceOrientationLandscapeRight";
				INFOPLIST_KEY_UISupportedInterfaceOrientations_iPhone = "UIInterfaceOrientationPortrait UIInterfaceOrientationLandscapeLeft UIInterfaceOrientationLandscapeRight";
				IPHONEOS_DEPLOYMENT_TARGET = 14.0;
				LD_RUNPATH_SEARCH_PATHS = (
					"$(inherited)",
					"@executable_path/Frameworks",
				);
				MARKETING_VERSION = 1.0;
				PRODUCT_BUNDLE_IDENTIFIER = com.jane.Autocrypt;
				PRODUCT_NAME = "$(TARGET_NAME)";
				SWIFT_EMIT_LOC_STRINGS = YES;
				SWIFT_VERSION = 5.0;
				TARGETED_DEVICE_FAMILY = 1;
			};
			name = Release;
		};
		EA3FA53129026BFA00F3B1D8 /* Debug */ = {
			isa = XCBuildConfiguration;
			baseConfigurationReference = 69DF194FE783CE3BADAD14B7 /* Pods-AutocryptTests.debug.xcconfig */;
			buildSettings = {
				ALWAYS_EMBED_SWIFT_STANDARD_LIBRARIES = YES;
				BUNDLE_LOADER = "$(TEST_HOST)";
				CODE_SIGN_STYLE = Automatic;
				CURRENT_PROJECT_VERSION = 1;
				DEVELOPMENT_TEAM = HK42Z7UX9X;
				GENERATE_INFOPLIST_FILE = YES;
				IPHONEOS_DEPLOYMENT_TARGET = 15.4;
				MARKETING_VERSION = 1.0;
				PRODUCT_BUNDLE_IDENTIFIER = com.jane.AutocryptTests;
				PRODUCT_NAME = "$(TARGET_NAME)";
				SWIFT_EMIT_LOC_STRINGS = NO;
				SWIFT_VERSION = 5.0;
				TARGETED_DEVICE_FAMILY = "1,2";
				TEST_HOST = "$(BUILT_PRODUCTS_DIR)/Autocrypt.app/Autocrypt";
			};
			name = Debug;
		};
		EA3FA53229026BFA00F3B1D8 /* Release */ = {
			isa = XCBuildConfiguration;
			baseConfigurationReference = 44E5592970812AB93A5B6391 /* Pods-AutocryptTests.release.xcconfig */;
			buildSettings = {
				ALWAYS_EMBED_SWIFT_STANDARD_LIBRARIES = YES;
				BUNDLE_LOADER = "$(TEST_HOST)";
				CODE_SIGN_STYLE = Automatic;
				CURRENT_PROJECT_VERSION = 1;
				DEVELOPMENT_TEAM = HK42Z7UX9X;
				GENERATE_INFOPLIST_FILE = YES;
				IPHONEOS_DEPLOYMENT_TARGET = 15.4;
				MARKETING_VERSION = 1.0;
				PRODUCT_BUNDLE_IDENTIFIER = com.jane.AutocryptTests;
				PRODUCT_NAME = "$(TARGET_NAME)";
				SWIFT_EMIT_LOC_STRINGS = NO;
				SWIFT_VERSION = 5.0;
				TARGETED_DEVICE_FAMILY = "1,2";
				TEST_HOST = "$(BUILT_PRODUCTS_DIR)/Autocrypt.app/Autocrypt";
			};
			name = Release;
		};
		EA3FA53429026BFA00F3B1D8 /* Debug */ = {
			isa = XCBuildConfiguration;
			baseConfigurationReference = DA12B37FF0605D19536EDBBC /* Pods-Autocrypt-AutocryptUITests.debug.xcconfig */;
			buildSettings = {
				ALWAYS_EMBED_SWIFT_STANDARD_LIBRARIES = YES;
				CODE_SIGN_STYLE = Automatic;
				CURRENT_PROJECT_VERSION = 1;
				DEVELOPMENT_TEAM = HK42Z7UX9X;
				GENERATE_INFOPLIST_FILE = YES;
				MARKETING_VERSION = 1.0;
				PRODUCT_BUNDLE_IDENTIFIER = com.jane.AutocryptUITests;
				PRODUCT_NAME = "$(TARGET_NAME)";
				SWIFT_EMIT_LOC_STRINGS = NO;
				SWIFT_VERSION = 5.0;
				TARGETED_DEVICE_FAMILY = "1,2";
				TEST_TARGET_NAME = Autocrypt;
			};
			name = Debug;
		};
		EA3FA53529026BFA00F3B1D8 /* Release */ = {
			isa = XCBuildConfiguration;
			baseConfigurationReference = 602BA0CAF4CD2E8C9578BA62 /* Pods-Autocrypt-AutocryptUITests.release.xcconfig */;
			buildSettings = {
				ALWAYS_EMBED_SWIFT_STANDARD_LIBRARIES = YES;
				CODE_SIGN_STYLE = Automatic;
				CURRENT_PROJECT_VERSION = 1;
				DEVELOPMENT_TEAM = HK42Z7UX9X;
				GENERATE_INFOPLIST_FILE = YES;
				MARKETING_VERSION = 1.0;
				PRODUCT_BUNDLE_IDENTIFIER = com.jane.AutocryptUITests;
				PRODUCT_NAME = "$(TARGET_NAME)";
				SWIFT_EMIT_LOC_STRINGS = NO;
				SWIFT_VERSION = 5.0;
				TARGETED_DEVICE_FAMILY = "1,2";
				TEST_TARGET_NAME = Autocrypt;
			};
			name = Release;
		};
/* End XCBuildConfiguration section */

/* Begin XCConfigurationList section */
		EA3FA4FE29026BF900F3B1D8 /* Build configuration list for PBXProject "Autocrypt" */ = {
			isa = XCConfigurationList;
			buildConfigurations = (
				EA3FA52B29026BFA00F3B1D8 /* Debug */,
				EA3FA52C29026BFA00F3B1D8 /* Release */,
			);
			defaultConfigurationIsVisible = 0;
			defaultConfigurationName = Release;
		};
		EA3FA52D29026BFA00F3B1D8 /* Build configuration list for PBXNativeTarget "Autocrypt" */ = {
			isa = XCConfigurationList;
			buildConfigurations = (
				EA3FA52E29026BFA00F3B1D8 /* Debug */,
				EA3FA52F29026BFA00F3B1D8 /* Release */,
			);
			defaultConfigurationIsVisible = 0;
			defaultConfigurationName = Release;
		};
		EA3FA53029026BFA00F3B1D8 /* Build configuration list for PBXNativeTarget "AutocryptTests" */ = {
			isa = XCConfigurationList;
			buildConfigurations = (
				EA3FA53129026BFA00F3B1D8 /* Debug */,
				EA3FA53229026BFA00F3B1D8 /* Release */,
			);
			defaultConfigurationIsVisible = 0;
			defaultConfigurationName = Release;
		};
		EA3FA53329026BFA00F3B1D8 /* Build configuration list for PBXNativeTarget "AutocryptUITests" */ = {
			isa = XCConfigurationList;
			buildConfigurations = (
				EA3FA53429026BFA00F3B1D8 /* Debug */,
				EA3FA53529026BFA00F3B1D8 /* Release */,
			);
			defaultConfigurationIsVisible = 0;
			defaultConfigurationName = Release;
		};
/* End XCConfigurationList section */
	};
	rootObject = EA3FA4FB29026BF900F3B1D8 /* Project object */;
}
