// !$*UTF8*$!
{
	archiveVersion = 1;
	classes = {
	};
	objectVersion = 55;
	objects = {

/* Begin PBXBuildFile section */
		EA3FA50729026BF900F3B1D8 /* AppDelegate.swift in Sources */ = {isa = PBXBuildFile; fileRef = EA3FA50629026BF900F3B1D8 /* AppDelegate.swift */; };
		EA3FA50929026BF900F3B1D8 /* SceneDelegate.swift in Sources */ = {isa = PBXBuildFile; fileRef = EA3FA50829026BF900F3B1D8 /* SceneDelegate.swift */; };
		EA3FA50B29026BF900F3B1D8 /* ViewController.swift in Sources */ = {isa = PBXBuildFile; fileRef = EA3FA50A29026BF900F3B1D8 /* ViewController.swift */; };
		EA3FA50E29026BF900F3B1D8 /* Main.storyboard in Resources */ = {isa = PBXBuildFile; fileRef = EA3FA50C29026BF900F3B1D8 /* Main.storyboard */; };
		EA3FA51029026BF900F3B1D8 /* Assets.xcassets in Resources */ = {isa = PBXBuildFile; fileRef = EA3FA50F29026BF900F3B1D8 /* Assets.xcassets */; };
		EA3FA51329026BF900F3B1D8 /* LaunchScreen.storyboard in Resources */ = {isa = PBXBuildFile; fileRef = EA3FA51129026BF900F3B1D8 /* LaunchScreen.storyboard */; };
		EA3FA51E29026BFA00F3B1D8 /* AutocryptTests.swift in Sources */ = {isa = PBXBuildFile; fileRef = EA3FA51D29026BFA00F3B1D8 /* AutocryptTests.swift */; };
		EA3FA52829026BFA00F3B1D8 /* AutocryptUITests.swift in Sources */ = {isa = PBXBuildFile; fileRef = EA3FA52729026BFA00F3B1D8 /* AutocryptUITests.swift */; };
		EA3FA52A29026BFA00F3B1D8 /* AutocryptUITestsLaunchTests.swift in Sources */ = {isa = PBXBuildFile; fileRef = EA3FA52929026BFA00F3B1D8 /* AutocryptUITestsLaunchTests.swift */; };
/* End PBXBuildFile section */

/* Begin PBXContainerItemProxy section */
		EA3FA51A29026BF900F3B1D8 /* PBXContainerItemProxy */ = {
			isa = PBXContainerItemProxy;
			containerPortal = EA3FA4FB29026BF900F3B1D8 /* Project object */;
			proxyType = 1;
			remoteGlobalIDString = EA3FA50229026BF900F3B1D8;
			remoteInfo = Autocrypt;
		};
		EA3FA52429026BFA00F3B1D8 /* PBXContainerItemProxy */ = {
			isa = PBXContainerItemProxy;
			containerPortal = EA3FA4FB29026BF900F3B1D8 /* Project object */;
			proxyType = 1;
			remoteGlobalIDString = EA3FA50229026BF900F3B1D8;
			remoteInfo = Autocrypt;
		};
/* End PBXContainerItemProxy section */

/* Begin PBXFileReference section */
		EA3FA50329026BF900F3B1D8 /* Autocrypt.app */ = {isa = PBXFileReference; explicitFileType = wrapper.application; includeInIndex = 0; path = Autocrypt.app; sourceTree = BUILT_PRODUCTS_DIR; };
		EA3FA50629026BF900F3B1D8 /* AppDelegate.swift */ = {isa = PBXFileReference; lastKnownFileType = sourcecode.swift; path = AppDelegate.swift; sourceTree = "<group>"; };
		EA3FA50829026BF900F3B1D8 /* SceneDelegate.swift */ = {isa = PBXFileReference; lastKnownFileType = sourcecode.swift; path = SceneDelegate.swift; sourceTree = "<group>"; };
		EA3FA50A29026BF900F3B1D8 /* ViewController.swift */ = {isa = PBXFileReference; lastKnownFileType = sourcecode.swift; path = ViewController.swift; sourceTree = "<group>"; };
		EA3FA50D29026BF900F3B1D8 /* Base */ = {isa = PBXFileReference; lastKnownFileType = file.storyboard; name = Base; path = Base.lproj/Main.storyboard; sourceTree = "<group>"; };
		EA3FA50F29026BF900F3B1D8 /* Assets.xcassets */ = {isa = PBXFileReference; lastKnownFileType = folder.assetcatalog; path = Assets.xcassets; sourceTree = "<group>"; };
		EA3FA51229026BF900F3B1D8 /* Base */ = {isa = PBXFileReference; lastKnownFileType = file.storyboard; name = Base; path = Base.lproj/LaunchScreen.storyboard; sourceTree = "<group>"; };
		EA3FA51429026BF900F3B1D8 /* Info.plist */ = {isa = PBXFileReference; lastKnownFileType = text.plist.xml; path = Info.plist; sourceTree = "<group>"; };
		EA3FA51929026BF900F3B1D8 /* AutocryptTests.xctest */ = {isa = PBXFileReference; explicitFileType = wrapper.cfbundle; includeInIndex = 0; path = AutocryptTests.xctest; sourceTree = BUILT_PRODUCTS_DIR; };
		EA3FA51D29026BFA00F3B1D8 /* AutocryptTests.swift */ = {isa = PBXFileReference; lastKnownFileType = sourcecode.swift; path = AutocryptTests.swift; sourceTree = "<group>"; };
		EA3FA52329026BFA00F3B1D8 /* AutocryptUITests.xctest */ = {isa = PBXFileReference; explicitFileType = wrapper.cfbundle; includeInIndex = 0; path = AutocryptUITests.xctest; sourceTree = BUILT_PRODUCTS_DIR; };
		EA3FA52729026BFA00F3B1D8 /* AutocryptUITests.swift */ = {isa = PBXFileReference; lastKnownFileType = sourcecode.swift; path = AutocryptUITests.swift; sourceTree = "<group>"; };
		EA3FA52929026BFA00F3B1D8 /* AutocryptUITestsLaunchTests.swift */ = {isa = PBXFileReference; lastKnownFileType = sourcecode.swift; path = AutocryptUITestsLaunchTests.swift; sourceTree = "<group>"; };
/* End PBXFileReference section */

/* Begin PBXFrameworksBuildPhase section */
		EA3FA50029026BF900F3B1D8 /* Frameworks */ = {
			isa = PBXFrameworksBuildPhase;
			buildActionMask = 2147483647;
			files = (
			);
			runOnlyForDeploymentPostprocessing = 0;
		};
		EA3FA51629026BF900F3B1D8 /* Frameworks */ = {
			isa = PBXFrameworksBuildPhase;
			buildActionMask = 2147483647;
			files = (
			);
			runOnlyForDeploymentPostprocessing = 0;
		};
		EA3FA52029026BFA00F3B1D8 /* Frameworks */ = {
			isa = PBXFrameworksBuildPhase;
			buildActionMask = 2147483647;
			files = (
			);
			runOnlyForDeploymentPostprocessing = 0;
		};
/* End PBXFrameworksBuildPhase section */

/* Begin PBXGroup section */
		EA3FA4FA29026BF900F3B1D8 = {
			isa = PBXGroup;
			children = (
				EA3FA50529026BF900F3B1D8 /* Autocrypt */,
				EA3FA51C29026BFA00F3B1D8 /* AutocryptTests */,
				EA3FA52629026BFA00F3B1D8 /* AutocryptUITests */,
				EA3FA50429026BF900F3B1D8 /* Products */,
			);
			sourceTree = "<group>";
		};
		EA3FA50429026BF900F3B1D8 /* Products */ = {
			isa = PBXGroup;
			children = (
				EA3FA50329026BF900F3B1D8 /* Autocrypt.app */,
				EA3FA51929026BF900F3B1D8 /* AutocryptTests.xctest */,
				EA3FA52329026BFA00F3B1D8 /* AutocryptUITests.xctest */,
			);
			name = Products;
			sourceTree = "<group>";
		};
		EA3FA50529026BF900F3B1D8 /* Autocrypt */ = {
			isa = PBXGroup;
			children = (
				EA3FA50629026BF900F3B1D8 /* AppDelegate.swift */,
				EA3FA50829026BF900F3B1D8 /* SceneDelegate.swift */,
				EA3FA50A29026BF900F3B1D8 /* ViewController.swift */,
				EA3FA50C29026BF900F3B1D8 /* Main.storyboard */,
				EA3FA50F29026BF900F3B1D8 /* Assets.xcassets */,
				EA3FA51129026BF900F3B1D8 /* LaunchScreen.storyboard */,
				EA3FA51429026BF900F3B1D8 /* Info.plist */,
			);
			path = Autocrypt;
			sourceTree = "<group>";
		};
		EA3FA51C29026BFA00F3B1D8 /* AutocryptTests */ = {
			isa = PBXGroup;
			children = (
				EA3FA51D29026BFA00F3B1D8 /* AutocryptTests.swift */,
			);
			path = AutocryptTests;
			sourceTree = "<group>";
		};
		EA3FA52629026BFA00F3B1D8 /* AutocryptUITests */ = {
			isa = PBXGroup;
			children = (
				EA3FA52729026BFA00F3B1D8 /* AutocryptUITests.swift */,
				EA3FA52929026BFA00F3B1D8 /* AutocryptUITestsLaunchTests.swift */,
			);
			path = AutocryptUITests;
			sourceTree = "<group>";
		};
/* End PBXGroup section */

/* Begin PBXNativeTarget section */
		EA3FA50229026BF900F3B1D8 /* Autocrypt */ = {
			isa = PBXNativeTarget;
			buildConfigurationList = EA3FA52D29026BFA00F3B1D8 /* Build configuration list for PBXNativeTarget "Autocrypt" */;
			buildPhases = (
				EA3FA4FF29026BF900F3B1D8 /* Sources */,
				EA3FA50029026BF900F3B1D8 /* Frameworks */,
				EA3FA50129026BF900F3B1D8 /* Resources */,
			);
			buildRules = (
			);
			dependencies = (
			);
			name = Autocrypt;
			productName = Autocrypt;
			productReference = EA3FA50329026BF900F3B1D8 /* Autocrypt.app */;
			productType = "com.apple.product-type.application";
		};
		EA3FA51829026BF900F3B1D8 /* AutocryptTests */ = {
			isa = PBXNativeTarget;
			buildConfigurationList = EA3FA53029026BFA00F3B1D8 /* Build configuration list for PBXNativeTarget "AutocryptTests" */;
			buildPhases = (
				EA3FA51529026BF900F3B1D8 /* Sources */,
				EA3FA51629026BF900F3B1D8 /* Frameworks */,
				EA3FA51729026BF900F3B1D8 /* Resources */,
			);
			buildRules = (
			);
			dependencies = (
				EA3FA51B29026BF900F3B1D8 /* PBXTargetDependency */,
			);
			name = AutocryptTests;
			productName = AutocryptTests;
			productReference = EA3FA51929026BF900F3B1D8 /* AutocryptTests.xctest */;
			productType = "com.apple.product-type.bundle.unit-test";
		};
		EA3FA52229026BFA00F3B1D8 /* AutocryptUITests */ = {
			isa = PBXNativeTarget;
			buildConfigurationList = EA3FA53329026BFA00F3B1D8 /* Build configuration list for PBXNativeTarget "AutocryptUITests" */;
			buildPhases = (
				EA3FA51F29026BFA00F3B1D8 /* Sources */,
				EA3FA52029026BFA00F3B1D8 /* Frameworks */,
				EA3FA52129026BFA00F3B1D8 /* Resources */,
			);
			buildRules = (
			);
			dependencies = (
				EA3FA52529026BFA00F3B1D8 /* PBXTargetDependency */,
			);
			name = AutocryptUITests;
			productName = AutocryptUITests;
			productReference = EA3FA52329026BFA00F3B1D8 /* AutocryptUITests.xctest */;
			productType = "com.apple.product-type.bundle.ui-testing";
		};
/* End PBXNativeTarget section */

/* Begin PBXProject section */
		EA3FA4FB29026BF900F3B1D8 /* Project object */ = {
			isa = PBXProject;
			attributes = {
				BuildIndependentTargetsInParallel = 1;
				LastSwiftUpdateCheck = 1330;
				LastUpgradeCheck = 1330;
				TargetAttributes = {
					EA3FA50229026BF900F3B1D8 = {
						CreatedOnToolsVersion = 13.3.1;
					};
					EA3FA51829026BF900F3B1D8 = {
						CreatedOnToolsVersion = 13.3.1;
						TestTargetID = EA3FA50229026BF900F3B1D8;
					};
					EA3FA52229026BFA00F3B1D8 = {
						CreatedOnToolsVersion = 13.3.1;
						TestTargetID = EA3FA50229026BF900F3B1D8;
					};
				};
			};
			buildConfigurationList = EA3FA4FE29026BF900F3B1D8 /* Build configuration list for PBXProject "Autocrypt" */;
			compatibilityVersion = "Xcode 13.0";
			developmentRegion = en;
			hasScannedForEncodings = 0;
			knownRegions = (
				en,
				Base,
			);
			mainGroup = EA3FA4FA29026BF900F3B1D8;
			productRefGroup = EA3FA50429026BF900F3B1D8 /* Products */;
			projectDirPath = "";
			projectRoot = "";
			targets = (
				EA3FA50229026BF900F3B1D8 /* Autocrypt */,
				EA3FA51829026BF900F3B1D8 /* AutocryptTests */,
				EA3FA52229026BFA00F3B1D8 /* AutocryptUITests */,
			);
		};
/* End PBXProject section */

/* Begin PBXResourcesBuildPhase section */
		EA3FA50129026BF900F3B1D8 /* Resources */ = {
			isa = PBXResourcesBuildPhase;
			buildActionMask = 2147483647;
			files = (
				EA3FA51329026BF900F3B1D8 /* LaunchScreen.storyboard in Resources */,
				EA3FA51029026BF900F3B1D8 /* Assets.xcassets in Resources */,
				EA3FA50E29026BF900F3B1D8 /* Main.storyboard in Resources */,
			);
			runOnlyForDeploymentPostprocessing = 0;
		};
		EA3FA51729026BF900F3B1D8 /* Resources */ = {
			isa = PBXResourcesBuildPhase;
			buildActionMask = 2147483647;
			files = (
			);
			runOnlyForDeploymentPostprocessing = 0;
		};
		EA3FA52129026BFA00F3B1D8 /* Resources */ = {
			isa = PBXResourcesBuildPhase;
			buildActionMask = 2147483647;
			files = (
			);
			runOnlyForDeploymentPostprocessing = 0;
		};
/* End PBXResourcesBuildPhase section */

/* Begin PBXSourcesBuildPhase section */
		EA3FA4FF29026BF900F3B1D8 /* Sources */ = {
			isa = PBXSourcesBuildPhase;
			buildActionMask = 2147483647;
			files = (
				EA3FA50B29026BF900F3B1D8 /* ViewController.swift in Sources */,
				EA3FA50729026BF900F3B1D8 /* AppDelegate.swift in Sources */,
				EA3FA50929026BF900F3B1D8 /* SceneDelegate.swift in Sources */,
			);
			runOnlyForDeploymentPostprocessing = 0;
		};
		EA3FA51529026BF900F3B1D8 /* Sources */ = {
			isa = PBXSourcesBuildPhase;
			buildActionMask = 2147483647;
			files = (
				EA3FA51E29026BFA00F3B1D8 /* AutocryptTests.swift in Sources */,
			);
			runOnlyForDeploymentPostprocessing = 0;
		};
		EA3FA51F29026BFA00F3B1D8 /* Sources */ = {
			isa = PBXSourcesBuildPhase;
			buildActionMask = 2147483647;
			files = (
				EA3FA52A29026BFA00F3B1D8 /* AutocryptUITestsLaunchTests.swift in Sources */,
				EA3FA52829026BFA00F3B1D8 /* AutocryptUITests.swift in Sources */,
			);
			runOnlyForDeploymentPostprocessing = 0;
		};
/* End PBXSourcesBuildPhase section */

/* Begin PBXTargetDependency section */
		EA3FA51B29026BF900F3B1D8 /* PBXTargetDependency */ = {
			isa = PBXTargetDependency;
			target = EA3FA50229026BF900F3B1D8 /* Autocrypt */;
			targetProxy = EA3FA51A29026BF900F3B1D8 /* PBXContainerItemProxy */;
		};
		EA3FA52529026BFA00F3B1D8 /* PBXTargetDependency */ = {
			isa = PBXTargetDependency;
			target = EA3FA50229026BF900F3B1D8 /* Autocrypt */;
			targetProxy = EA3FA52429026BFA00F3B1D8 /* PBXContainerItemProxy */;
		};
/* End PBXTargetDependency section */

/* Begin PBXVariantGroup section */
		EA3FA50C29026BF900F3B1D8 /* Main.storyboard */ = {
			isa = PBXVariantGroup;
			children = (
				EA3FA50D29026BF900F3B1D8 /* Base */,
			);
			name = Main.storyboard;
			sourceTree = "<group>";
		};
		EA3FA51129026BF900F3B1D8 /* LaunchScreen.storyboard */ = {
			isa = PBXVariantGroup;
			children = (
				EA3FA51229026BF900F3B1D8 /* Base */,
			);
			name = LaunchScreen.storyboard;
			sourceTree = "<group>";
		};
/* End PBXVariantGroup section */

/* Begin XCBuildConfiguration section */
		EA3FA52B29026BFA00F3B1D8 /* Debug */ = {
			isa = XCBuildConfiguration;
			buildSettings = {
				ALWAYS_SEARCH_USER_PATHS = NO;
				CLANG_ANALYZER_NONNULL = YES;
				CLANG_ANALYZER_NUMBER_OBJECT_CONVERSION = YES_AGGRESSIVE;
				CLANG_CXX_LANGUAGE_STANDARD = "gnu++17";
				CLANG_ENABLE_MODULES = YES;
				CLANG_ENABLE_OBJC_ARC = YES;
				CLANG_ENABLE_OBJC_WEAK = YES;
				CLANG_WARN_BLOCK_CAPTURE_AUTORELEASING = YES;
				CLANG_WARN_BOOL_CONVERSION = YES;
				CLANG_WARN_COMMA = YES;
				CLANG_WARN_CONSTANT_CONVERSION = YES;
				CLANG_WARN_DEPRECATED_OBJC_IMPLEMENTATIONS = YES;
				CLANG_WARN_DIRECT_OBJC_ISA_USAGE = YES_ERROR;
				CLANG_WARN_DOCUMENTATION_COMMENTS = YES;
				CLANG_WARN_EMPTY_BODY = YES;
				CLANG_WARN_ENUM_CONVERSION = YES;
				CLANG_WARN_INFINITE_RECURSION = YES;
				CLANG_WARN_INT_CONVERSION = YES;
				CLANG_WARN_NON_LITERAL_NULL_CONVERSION = YES;
				CLANG_WARN_OBJC_IMPLICIT_RETAIN_SELF = YES;
				CLANG_WARN_OBJC_LITERAL_CONVERSION = YES;
				CLANG_WARN_OBJC_ROOT_CLASS = YES_ERROR;
				CLANG_WARN_QUOTED_INCLUDE_IN_FRAMEWORK_HEADER = YES;
				CLANG_WARN_RANGE_LOOP_ANALYSIS = YES;
				CLANG_WARN_STRICT_PROTOTYPES = YES;
				CLANG_WARN_SUSPICIOUS_MOVE = YES;
				CLANG_WARN_UNGUARDED_AVAILABILITY = YES_AGGRESSIVE;
				CLANG_WARN_UNREACHABLE_CODE = YES;
				CLANG_WARN__DUPLICATE_METHOD_MATCH = YES;
				COPY_PHASE_STRIP = NO;
				DEBUG_INFORMATION_FORMAT = dwarf;
				ENABLE_STRICT_OBJC_MSGSEND = YES;
				ENABLE_TESTABILITY = YES;
				GCC_C_LANGUAGE_STANDARD = gnu11;
				GCC_DYNAMIC_NO_PIC = NO;
				GCC_NO_COMMON_BLOCKS = YES;
				GCC_OPTIMIZATION_LEVEL = 0;
				GCC_PREPROCESSOR_DEFINITIONS = (
					"DEBUG=1",
					"$(inherited)",
				);
				GCC_WARN_64_TO_32_BIT_CONVERSION = YES;
				GCC_WARN_ABOUT_RETURN_TYPE = YES_ERROR;
				GCC_WARN_UNDECLARED_SELECTOR = YES;
				GCC_WARN_UNINITIALIZED_AUTOS = YES_AGGRESSIVE;
				GCC_WARN_UNUSED_FUNCTION = YES;
				GCC_WARN_UNUSED_VARIABLE = YES;
				IPHONEOS_DEPLOYMENT_TARGET = 15.4;
				MTL_ENABLE_DEBUG_INFO = INCLUDE_SOURCE;
				MTL_FAST_MATH = YES;
				ONLY_ACTIVE_ARCH = YES;
				SDKROOT = iphoneos;
				SWIFT_ACTIVE_COMPILATION_CONDITIONS = DEBUG;
				SWIFT_OPTIMIZATION_LEVEL = "-Onone";
			};
			name = Debug;
		};
		EA3FA52C29026BFA00F3B1D8 /* Release */ = {
			isa = XCBuildConfiguration;
			buildSettings = {
				ALWAYS_SEARCH_USER_PATHS = NO;
				CLANG_ANALYZER_NONNULL = YES;
				CLANG_ANALYZER_NUMBER_OBJECT_CONVERSION = YES_AGGRESSIVE;
				CLANG_CXX_LANGUAGE_STANDARD = "gnu++17";
				CLANG_ENABLE_MODULES = YES;
				CLANG_ENABLE_OBJC_ARC = YES;
				CLANG_ENABLE_OBJC_WEAK = YES;
				CLANG_WARN_BLOCK_CAPTURE_AUTORELEASING = YES;
				CLANG_WARN_BOOL_CONVERSION = YES;
				CLANG_WARN_COMMA = YES;
				CLANG_WARN_CONSTANT_CONVERSION = YES;
				CLANG_WARN_DEPRECATED_OBJC_IMPLEMENTATIONS = YES;
				CLANG_WARN_DIRECT_OBJC_ISA_USAGE = YES_ERROR;
				CLANG_WARN_DOCUMENTATION_COMMENTS = YES;
				CLANG_WARN_EMPTY_BODY = YES;
				CLANG_WARN_ENUM_CONVERSION = YES;
				CLANG_WARN_INFINITE_RECURSION = YES;
				CLANG_WARN_INT_CONVERSION = YES;
				CLANG_WARN_NON_LITERAL_NULL_CONVERSION = YES;
				CLANG_WARN_OBJC_IMPLICIT_RETAIN_SELF = YES;
				CLANG_WARN_OBJC_LITERAL_CONVERSION = YES;
				CLANG_WARN_OBJC_ROOT_CLASS = YES_ERROR;
				CLANG_WARN_QUOTED_INCLUDE_IN_FRAMEWORK_HEADER = YES;
				CLANG_WARN_RANGE_LOOP_ANALYSIS = YES;
				CLANG_WARN_STRICT_PROTOTYPES = YES;
				CLANG_WARN_SUSPICIOUS_MOVE = YES;
				CLANG_WARN_UNGUARDED_AVAILABILITY = YES_AGGRESSIVE;
				CLANG_WARN_UNREACHABLE_CODE = YES;
				CLANG_WARN__DUPLICATE_METHOD_MATCH = YES;
				COPY_PHASE_STRIP = NO;
				DEBUG_INFORMATION_FORMAT = "dwarf-with-dsym";
				ENABLE_NS_ASSERTIONS = NO;
				ENABLE_STRICT_OBJC_MSGSEND = YES;
				GCC_C_LANGUAGE_STANDARD = gnu11;
				GCC_NO_COMMON_BLOCKS = YES;
				GCC_WARN_64_TO_32_BIT_CONVERSION = YES;
				GCC_WARN_ABOUT_RETURN_TYPE = YES_ERROR;
				GCC_WARN_UNDECLARED_SELECTOR = YES;
				GCC_WARN_UNINITIALIZED_AUTOS = YES_AGGRESSIVE;
				GCC_WARN_UNUSED_FUNCTION = YES;
				GCC_WARN_UNUSED_VARIABLE = YES;
				IPHONEOS_DEPLOYMENT_TARGET = 15.4;
				MTL_ENABLE_DEBUG_INFO = NO;
				MTL_FAST_MATH = YES;
				SDKROOT = iphoneos;
				SWIFT_COMPILATION_MODE = wholemodule;
				SWIFT_OPTIMIZATION_LEVEL = "-O";
				VALIDATE_PRODUCT = YES;
			};
			name = Release;
		};
		EA3FA52E29026BFA00F3B1D8 /* Debug */ = {
			isa = XCBuildConfiguration;
			buildSettings = {
				ASSETCATALOG_COMPILER_APPICON_NAME = AppIcon;
				ASSETCATALOG_COMPILER_GLOBAL_ACCENT_COLOR_NAME = AccentColor;
				CODE_SIGN_STYLE = Automatic;
				CURRENT_PROJECT_VERSION = 1;
				DEVELOPMENT_TEAM = HK42Z7UX9X;
				GENERATE_INFOPLIST_FILE = YES;
				INFOPLIST_FILE = Autocrypt/Info.plist;
				INFOPLIST_KEY_UIApplicationSupportsIndirectInputEvents = YES;
				INFOPLIST_KEY_UILaunchStoryboardName = LaunchScreen;
				INFOPLIST_KEY_UIMainStoryboardFile = Main;
				INFOPLIST_KEY_UISupportedInterfaceOrientations_iPad = "UIInterfaceOrientationPortrait UIInterfaceOrientationPortraitUpsideDown UIInterfaceOrientationLandscapeLeft UIInterfaceOrientationLandscapeRight";
				INFOPLIST_KEY_UISupportedInterfaceOrientations_iPhone = "UIInterfaceOrientationPortrait UIInterfaceOrientationLandscapeLeft UIInterfaceOrientationLandscapeRight";
				LD_RUNPATH_SEARCH_PATHS = (
					"$(inherited)",
					"@executable_path/Frameworks",
				);
				MARKETING_VERSION = 1.0;
				PRODUCT_BUNDLE_IDENTIFIER = com.jane.Autocrypt;
				PRODUCT_NAME = "$(TARGET_NAME)";
				SWIFT_EMIT_LOC_STRINGS = YES;
				SWIFT_VERSION = 5.0;
				TARGETED_DEVICE_FAMILY = "1,2";
			};
			name = Debug;
		};
		EA3FA52F29026BFA00F3B1D8 /* Release */ = {
			isa = XCBuildConfiguration;
			buildSettings = {
				ASSETCATALOG_COMPILER_APPICON_NAME = AppIcon;
				ASSETCATALOG_COMPILER_GLOBAL_ACCENT_COLOR_NAME = AccentColor;
				CODE_SIGN_STYLE = Automatic;
				CURRENT_PROJECT_VERSION = 1;
				DEVELOPMENT_TEAM = HK42Z7UX9X;
				GENERATE_INFOPLIST_FILE = YES;
				INFOPLIST_FILE = Autocrypt/Info.plist;
				INFOPLIST_KEY_UIApplicationSupportsIndirectInputEvents = YES;
				INFOPLIST_KEY_UILaunchStoryboardName = LaunchScreen;
				INFOPLIST_KEY_UIMainStoryboardFile = Main;
				INFOPLIST_KEY_UISupportedInterfaceOrientations_iPad = "UIInterfaceOrientationPortrait UIInterfaceOrientationPortraitUpsideDown UIInterfaceOrientationLandscapeLeft UIInterfaceOrientationLandscapeRight";
				INFOPLIST_KEY_UISupportedInterfaceOrientations_iPhone = "UIInterfaceOrientationPortrait UIInterfaceOrientationLandscapeLeft UIInterfaceOrientationLandscapeRight";
				LD_RUNPATH_SEARCH_PATHS = (
					"$(inherited)",
					"@executable_path/Frameworks",
				);
				MARKETING_VERSION = 1.0;
				PRODUCT_BUNDLE_IDENTIFIER = com.jane.Autocrypt;
				PRODUCT_NAME = "$(TARGET_NAME)";
				SWIFT_EMIT_LOC_STRINGS = YES;
				SWIFT_VERSION = 5.0;
				TARGETED_DEVICE_FAMILY = "1,2";
			};
			name = Release;
		};
		EA3FA53129026BFA00F3B1D8 /* Debug */ = {
			isa = XCBuildConfiguration;
			buildSettings = {
				ALWAYS_EMBED_SWIFT_STANDARD_LIBRARIES = YES;
				BUNDLE_LOADER = "$(TEST_HOST)";
				CODE_SIGN_STYLE = Automatic;
				CURRENT_PROJECT_VERSION = 1;
				DEVELOPMENT_TEAM = HK42Z7UX9X;
				GENERATE_INFOPLIST_FILE = YES;
				IPHONEOS_DEPLOYMENT_TARGET = 15.4;
				MARKETING_VERSION = 1.0;
				PRODUCT_BUNDLE_IDENTIFIER = com.jane.AutocryptTests;
				PRODUCT_NAME = "$(TARGET_NAME)";
				SWIFT_EMIT_LOC_STRINGS = NO;
				SWIFT_VERSION = 5.0;
				TARGETED_DEVICE_FAMILY = "1,2";
				TEST_HOST = "$(BUILT_PRODUCTS_DIR)/Autocrypt.app/Autocrypt";
			};
			name = Debug;
		};
		EA3FA53229026BFA00F3B1D8 /* Release */ = {
			isa = XCBuildConfiguration;
			buildSettings = {
				ALWAYS_EMBED_SWIFT_STANDARD_LIBRARIES = YES;
				BUNDLE_LOADER = "$(TEST_HOST)";
				CODE_SIGN_STYLE = Automatic;
				CURRENT_PROJECT_VERSION = 1;
				DEVELOPMENT_TEAM = HK42Z7UX9X;
				GENERATE_INFOPLIST_FILE = YES;
				IPHONEOS_DEPLOYMENT_TARGET = 15.4;
				MARKETING_VERSION = 1.0;
				PRODUCT_BUNDLE_IDENTIFIER = com.jane.AutocryptTests;
				PRODUCT_NAME = "$(TARGET_NAME)";
				SWIFT_EMIT_LOC_STRINGS = NO;
				SWIFT_VERSION = 5.0;
				TARGETED_DEVICE_FAMILY = "1,2";
				TEST_HOST = "$(BUILT_PRODUCTS_DIR)/Autocrypt.app/Autocrypt";
			};
			name = Release;
		};
		EA3FA53429026BFA00F3B1D8 /* Debug */ = {
			isa = XCBuildConfiguration;
			buildSettings = {
				ALWAYS_EMBED_SWIFT_STANDARD_LIBRARIES = YES;
				CODE_SIGN_STYLE = Automatic;
				CURRENT_PROJECT_VERSION = 1;
				DEVELOPMENT_TEAM = HK42Z7UX9X;
				GENERATE_INFOPLIST_FILE = YES;
				MARKETING_VERSION = 1.0;
				PRODUCT_BUNDLE_IDENTIFIER = com.jane.AutocryptUITests;
				PRODUCT_NAME = "$(TARGET_NAME)";
				SWIFT_EMIT_LOC_STRINGS = NO;
				SWIFT_VERSION = 5.0;
				TARGETED_DEVICE_FAMILY = "1,2";
				TEST_TARGET_NAME = Autocrypt;
			};
			name = Debug;
		};
		EA3FA53529026BFA00F3B1D8 /* Release */ = {
			isa = XCBuildConfiguration;
			buildSettings = {
				ALWAYS_EMBED_SWIFT_STANDARD_LIBRARIES = YES;
				CODE_SIGN_STYLE = Automatic;
				CURRENT_PROJECT_VERSION = 1;
				DEVELOPMENT_TEAM = HK42Z7UX9X;
				GENERATE_INFOPLIST_FILE = YES;
				MARKETING_VERSION = 1.0;
				PRODUCT_BUNDLE_IDENTIFIER = com.jane.AutocryptUITests;
				PRODUCT_NAME = "$(TARGET_NAME)";
				SWIFT_EMIT_LOC_STRINGS = NO;
				SWIFT_VERSION = 5.0;
				TARGETED_DEVICE_FAMILY = "1,2";
				TEST_TARGET_NAME = Autocrypt;
			};
			name = Release;
		};
/* End XCBuildConfiguration section */

/* Begin XCConfigurationList section */
		EA3FA4FE29026BF900F3B1D8 /* Build configuration list for PBXProject "Autocrypt" */ = {
			isa = XCConfigurationList;
			buildConfigurations = (
				EA3FA52B29026BFA00F3B1D8 /* Debug */,
				EA3FA52C29026BFA00F3B1D8 /* Release */,
			);
			defaultConfigurationIsVisible = 0;
			defaultConfigurationName = Release;
		};
		EA3FA52D29026BFA00F3B1D8 /* Build configuration list for PBXNativeTarget "Autocrypt" */ = {
			isa = XCConfigurationList;
			buildConfigurations = (
				EA3FA52E29026BFA00F3B1D8 /* Debug */,
				EA3FA52F29026BFA00F3B1D8 /* Release */,
			);
			defaultConfigurationIsVisible = 0;
			defaultConfigurationName = Release;
		};
		EA3FA53029026BFA00F3B1D8 /* Build configuration list for PBXNativeTarget "AutocryptTests" */ = {
			isa = XCConfigurationList;
			buildConfigurations = (
				EA3FA53129026BFA00F3B1D8 /* Debug */,
				EA3FA53229026BFA00F3B1D8 /* Release */,
			);
			defaultConfigurationIsVisible = 0;
			defaultConfigurationName = Release;
		};
		EA3FA53329026BFA00F3B1D8 /* Build configuration list for PBXNativeTarget "AutocryptUITests" */ = {
			isa = XCConfigurationList;
			buildConfigurations = (
				EA3FA53429026BFA00F3B1D8 /* Debug */,
				EA3FA53529026BFA00F3B1D8 /* Release */,
			);
			defaultConfigurationIsVisible = 0;
			defaultConfigurationName = Release;
		};
/* End XCConfigurationList section */
	};
	rootObject = EA3FA4FB29026BF900F3B1D8 /* Project object */;
}
